// !$*UTF8*$!
{
	archiveVersion = 1;
	classes = {
	};
	objectVersion = 46;
	objects = {

/* Begin PBXBuildFile section */
		28E76DCB52269C8376DB87FD /* libPods.a in Frameworks */ = {isa = PBXBuildFile; fileRef = 3FA561482F072FF6D556247C /* libPods.a */; };
		6D18DBEF1B4297E40036A7E7 /* SUIPushVC.m in Sources */ = {isa = PBXBuildFile; fileRef = 6D18DBEE1B4297E40036A7E7 /* SUIPushVC.m */; };
		6D18DBF21B429F2D0036A7E7 /* SUIWeatherMD.m in Sources */ = {isa = PBXBuildFile; fileRef = 6D18DBF11B429F2D0036A7E7 /* SUIWeatherMD.m */; };
		6D18DBF51B42A1800036A7E7 /* SUIRootCell.m in Sources */ = {isa = PBXBuildFile; fileRef = 6D18DBF41B42A1800036A7E7 /* SUIRootCell.m */; };
		6D18DBF81B42AB610036A7E7 /* SUIBasePushSegue.m in Sources */ = {isa = PBXBuildFile; fileRef = 6D18DBF71B42AB610036A7E7 /* SUIBasePushSegue.m */; };
		6D44C1BB1B40EC8100FC3F5A /* SUIBaseCell.m in Sources */ = {isa = PBXBuildFile; fileRef = 6D44C1BA1B40EC8100FC3F5A /* SUIBaseCell.m */; };
		6D44C1BE1B414C4D00FC3F5A /* SUIHttpClient.m in Sources */ = {isa = PBXBuildFile; fileRef = 6D44C1BD1B414C4D00FC3F5A /* SUIHttpClient.m */; };
		6DA091D21B3A46AC00DA06A3 /* main.m in Sources */ = {isa = PBXBuildFile; fileRef = 6DA091D11B3A46AC00DA06A3 /* main.m */; };
		6DA091DB1B3A46AC00DA06A3 /* Main.storyboard in Resources */ = {isa = PBXBuildFile; fileRef = 6DA091D91B3A46AC00DA06A3 /* Main.storyboard */; };
		6DA091DD1B3A46AC00DA06A3 /* Images.xcassets in Resources */ = {isa = PBXBuildFile; fileRef = 6DA091DC1B3A46AC00DA06A3 /* Images.xcassets */; };
		6DA091E01B3A46AC00DA06A3 /* LaunchScreen.xib in Resources */ = {isa = PBXBuildFile; fileRef = 6DA091DE1B3A46AC00DA06A3 /* LaunchScreen.xib */; };
		6DA091EC1B3A46AD00DA06A3 /* SUIToolKitDemoTests.m in Sources */ = {isa = PBXBuildFile; fileRef = 6DA091EB1B3A46AD00DA06A3 /* SUIToolKitDemoTests.m */; };
		6DA091F81B3A48C800DA06A3 /* AppDelegate.m in Sources */ = {isa = PBXBuildFile; fileRef = 6DA091F71B3A48C800DA06A3 /* AppDelegate.m */; };
		6DA091FD1B3A49D300DA06A3 /* SUIBaseVC.m in Sources */ = {isa = PBXBuildFile; fileRef = 6DA091FC1B3A49D300DA06A3 /* SUIBaseVC.m */; };
		6DD81EBD1B3CE9C7007E013E /* SUIRootVC.m in Sources */ = {isa = PBXBuildFile; fileRef = 6DD81EBC1B3CE9C7007E013E /* SUIRootVC.m */; };
		6DD81EC01B3CEE9F007E013E /* SUIBaseConfig.m in Sources */ = {isa = PBXBuildFile; fileRef = 6DD81EBF1B3CEE9F007E013E /* SUIBaseConfig.m */; };
		6DD81EC41B3CFF11007E013E /* UIView+SUIExt.m in Sources */ = {isa = PBXBuildFile; fileRef = 6DD81EC31B3CFF11007E013E /* UIView+SUIExt.m */; };
		6DD81EC81B3D159C007E013E /* UIViewController+SUIExt.m in Sources */ = {isa = PBXBuildFile; fileRef = 6DD81EC71B3D159C007E013E /* UIViewController+SUIExt.m */; };
		6DD81ECB1B3D4A45007E013E /* SUIDataSource.m in Sources */ = {isa = PBXBuildFile; fileRef = 6DD81ECA1B3D4A45007E013E /* SUIDataSource.m */; };
/* End PBXBuildFile section */

/* Begin PBXContainerItemProxy section */
		6DA091E61B3A46AD00DA06A3 /* PBXContainerItemProxy */ = {
			isa = PBXContainerItemProxy;
			containerPortal = 6DA091C41B3A46AC00DA06A3 /* Project object */;
			proxyType = 1;
			remoteGlobalIDString = 6DA091CB1B3A46AC00DA06A3;
			remoteInfo = SUIToolKitDemo;
		};
/* End PBXContainerItemProxy section */

/* Begin PBXFileReference section */
		0020EA114C7BFEDDB6D76CAF /* Pods.release.xcconfig */ = {isa = PBXFileReference; includeInIndex = 1; lastKnownFileType = text.xcconfig; name = Pods.release.xcconfig; path = "Pods/Target Support Files/Pods/Pods.release.xcconfig"; sourceTree = "<group>"; };
		3FA561482F072FF6D556247C /* libPods.a */ = {isa = PBXFileReference; explicitFileType = archive.ar; includeInIndex = 0; path = libPods.a; sourceTree = BUILT_PRODUCTS_DIR; };
		6D18DBED1B4297E40036A7E7 /* SUIPushVC.h */ = {isa = PBXFileReference; fileEncoding = 4; lastKnownFileType = sourcecode.c.h; path = SUIPushVC.h; sourceTree = "<group>"; };
		6D18DBEE1B4297E40036A7E7 /* SUIPushVC.m */ = {isa = PBXFileReference; fileEncoding = 4; lastKnownFileType = sourcecode.c.objc; path = SUIPushVC.m; sourceTree = "<group>"; };
		6D18DBF01B429F2D0036A7E7 /* SUIWeatherMD.h */ = {isa = PBXFileReference; fileEncoding = 4; lastKnownFileType = sourcecode.c.h; path = SUIWeatherMD.h; sourceTree = "<group>"; };
		6D18DBF11B429F2D0036A7E7 /* SUIWeatherMD.m */ = {isa = PBXFileReference; fileEncoding = 4; lastKnownFileType = sourcecode.c.objc; path = SUIWeatherMD.m; sourceTree = "<group>"; };
		6D18DBF31B42A1800036A7E7 /* SUIRootCell.h */ = {isa = PBXFileReference; fileEncoding = 4; lastKnownFileType = sourcecode.c.h; path = SUIRootCell.h; sourceTree = "<group>"; };
		6D18DBF41B42A1800036A7E7 /* SUIRootCell.m */ = {isa = PBXFileReference; fileEncoding = 4; lastKnownFileType = sourcecode.c.objc; path = SUIRootCell.m; sourceTree = "<group>"; };
		6D18DBF61B42AB610036A7E7 /* SUIBasePushSegue.h */ = {isa = PBXFileReference; fileEncoding = 4; lastKnownFileType = sourcecode.c.h; path = SUIBasePushSegue.h; sourceTree = "<group>"; };
		6D18DBF71B42AB610036A7E7 /* SUIBasePushSegue.m */ = {isa = PBXFileReference; fileEncoding = 4; lastKnownFileType = sourcecode.c.objc; path = SUIBasePushSegue.m; sourceTree = "<group>"; };
		6D44C1B91B40EC8100FC3F5A /* SUIBaseCell.h */ = {isa = PBXFileReference; fileEncoding = 4; lastKnownFileType = sourcecode.c.h; path = SUIBaseCell.h; sourceTree = "<group>"; };
		6D44C1BA1B40EC8100FC3F5A /* SUIBaseCell.m */ = {isa = PBXFileReference; fileEncoding = 4; lastKnownFileType = sourcecode.c.objc; path = SUIBaseCell.m; sourceTree = "<group>"; };
		6D44C1BC1B414C4D00FC3F5A /* SUIHttpClient.h */ = {isa = PBXFileReference; fileEncoding = 4; lastKnownFileType = sourcecode.c.h; path = SUIHttpClient.h; sourceTree = "<group>"; };
		6D44C1BD1B414C4D00FC3F5A /* SUIHttpClient.m */ = {isa = PBXFileReference; fileEncoding = 4; lastKnownFileType = sourcecode.c.objc; path = SUIHttpClient.m; sourceTree = "<group>"; };
		6DA091CC1B3A46AC00DA06A3 /* SUIToolKitDemo.app */ = {isa = PBXFileReference; explicitFileType = wrapper.application; includeInIndex = 0; path = SUIToolKitDemo.app; sourceTree = BUILT_PRODUCTS_DIR; };
		6DA091D01B3A46AC00DA06A3 /* Info.plist */ = {isa = PBXFileReference; lastKnownFileType = text.plist.xml; path = Info.plist; sourceTree = "<group>"; };
		6DA091D11B3A46AC00DA06A3 /* main.m */ = {isa = PBXFileReference; lastKnownFileType = sourcecode.c.objc; path = main.m; sourceTree = "<group>"; };
		6DA091DA1B3A46AC00DA06A3 /* Base */ = {isa = PBXFileReference; lastKnownFileType = file.storyboard; name = Base; path = Base.lproj/Main.storyboard; sourceTree = "<group>"; };
		6DA091DC1B3A46AC00DA06A3 /* Images.xcassets */ = {isa = PBXFileReference; lastKnownFileType = folder.assetcatalog; path = Images.xcassets; sourceTree = "<group>"; };
		6DA091DF1B3A46AC00DA06A3 /* Base */ = {isa = PBXFileReference; lastKnownFileType = file.xib; name = Base; path = Base.lproj/LaunchScreen.xib; sourceTree = "<group>"; };
		6DA091E51B3A46AD00DA06A3 /* SUIToolKitDemoTests.xctest */ = {isa = PBXFileReference; explicitFileType = wrapper.cfbundle; includeInIndex = 0; path = SUIToolKitDemoTests.xctest; sourceTree = BUILT_PRODUCTS_DIR; };
		6DA091EA1B3A46AD00DA06A3 /* Info.plist */ = {isa = PBXFileReference; lastKnownFileType = text.plist.xml; path = Info.plist; sourceTree = "<group>"; };
		6DA091EB1B3A46AD00DA06A3 /* SUIToolKitDemoTests.m */ = {isa = PBXFileReference; lastKnownFileType = sourcecode.c.objc; path = SUIToolKitDemoTests.m; sourceTree = "<group>"; };
		6DA091F61B3A48C800DA06A3 /* AppDelegate.h */ = {isa = PBXFileReference; fileEncoding = 4; lastKnownFileType = sourcecode.c.h; path = AppDelegate.h; sourceTree = "<group>"; };
		6DA091F71B3A48C800DA06A3 /* AppDelegate.m */ = {isa = PBXFileReference; fileEncoding = 4; lastKnownFileType = sourcecode.c.objc; path = AppDelegate.m; sourceTree = "<group>"; };
		6DA091F91B3A48F100DA06A3 /* PrefixHeader.pch */ = {isa = PBXFileReference; lastKnownFileType = sourcecode.c.h; path = PrefixHeader.pch; sourceTree = "<group>"; };
		6DA091FB1B3A49D300DA06A3 /* SUIBaseVC.h */ = {isa = PBXFileReference; fileEncoding = 4; lastKnownFileType = sourcecode.c.h; path = SUIBaseVC.h; sourceTree = "<group>"; };
		6DA091FC1B3A49D300DA06A3 /* SUIBaseVC.m */ = {isa = PBXFileReference; fileEncoding = 4; lastKnownFileType = sourcecode.c.objc; path = SUIBaseVC.m; sourceTree = "<group>"; };
		6DA091FE1B3A534D00DA06A3 /* SUIToolKitConst.h */ = {isa = PBXFileReference; lastKnownFileType = sourcecode.c.h; path = SUIToolKitConst.h; sourceTree = "<group>"; };
		6DA091FF1B3A537500DA06A3 /* SUIToolKit.h */ = {isa = PBXFileReference; lastKnownFileType = sourcecode.c.h; path = SUIToolKit.h; sourceTree = "<group>"; };
		6DD81EBB1B3CE9C7007E013E /* SUIRootVC.h */ = {isa = PBXFileReference; fileEncoding = 4; lastKnownFileType = sourcecode.c.h; path = SUIRootVC.h; sourceTree = "<group>"; };
		6DD81EBC1B3CE9C7007E013E /* SUIRootVC.m */ = {isa = PBXFileReference; fileEncoding = 4; lastKnownFileType = sourcecode.c.objc; path = SUIRootVC.m; sourceTree = "<group>"; };
		6DD81EBE1B3CEE9F007E013E /* SUIBaseConfig.h */ = {isa = PBXFileReference; fileEncoding = 4; lastKnownFileType = sourcecode.c.h; path = SUIBaseConfig.h; sourceTree = "<group>"; };
		6DD81EBF1B3CEE9F007E013E /* SUIBaseConfig.m */ = {isa = PBXFileReference; fileEncoding = 4; lastKnownFileType = sourcecode.c.objc; path = SUIBaseConfig.m; sourceTree = "<group>"; };
		6DD81EC21B3CFF11007E013E /* UIView+SUIExt.h */ = {isa = PBXFileReference; fileEncoding = 4; lastKnownFileType = sourcecode.c.h; path = "UIView+SUIExt.h"; sourceTree = "<group>"; };
		6DD81EC31B3CFF11007E013E /* UIView+SUIExt.m */ = {isa = PBXFileReference; fileEncoding = 4; lastKnownFileType = sourcecode.c.objc; path = "UIView+SUIExt.m"; sourceTree = "<group>"; };
		6DD81EC51B3D0898007E013E /* SUIBaseProtocol.h */ = {isa = PBXFileReference; lastKnownFileType = sourcecode.c.h; path = SUIBaseProtocol.h; sourceTree = "<group>"; };
		6DD81EC61B3D159C007E013E /* UIViewController+SUIExt.h */ = {isa = PBXFileReference; fileEncoding = 4; lastKnownFileType = sourcecode.c.h; path = "UIViewController+SUIExt.h"; sourceTree = "<group>"; };
		6DD81EC71B3D159C007E013E /* UIViewController+SUIExt.m */ = {isa = PBXFileReference; fileEncoding = 4; lastKnownFileType = sourcecode.c.objc; path = "UIViewController+SUIExt.m"; sourceTree = "<group>"; };
		6DD81EC91B3D4A45007E013E /* SUIDataSource.h */ = {isa = PBXFileReference; fileEncoding = 4; lastKnownFileType = sourcecode.c.h; path = SUIDataSource.h; sourceTree = "<group>"; };
		6DD81ECA1B3D4A45007E013E /* SUIDataSource.m */ = {isa = PBXFileReference; fileEncoding = 4; lastKnownFileType = sourcecode.c.objc; path = SUIDataSource.m; sourceTree = "<group>"; };
		D3496D95BBB25B52F3635459 /* Pods.debug.xcconfig */ = {isa = PBXFileReference; includeInIndex = 1; lastKnownFileType = text.xcconfig; name = Pods.debug.xcconfig; path = "Pods/Target Support Files/Pods/Pods.debug.xcconfig"; sourceTree = "<group>"; };
/* End PBXFileReference section */

/* Begin PBXFrameworksBuildPhase section */
		6DA091C91B3A46AC00DA06A3 /* Frameworks */ = {
			isa = PBXFrameworksBuildPhase;
			buildActionMask = 2147483647;
			files = (
				28E76DCB52269C8376DB87FD /* libPods.a in Frameworks */,
			);
			runOnlyForDeploymentPostprocessing = 0;
		};
		6DA091E21B3A46AD00DA06A3 /* Frameworks */ = {
			isa = PBXFrameworksBuildPhase;
			buildActionMask = 2147483647;
			files = (
			);
			runOnlyForDeploymentPostprocessing = 0;
		};
/* End PBXFrameworksBuildPhase section */

/* Begin PBXGroup section */
		6DA091C31B3A46AC00DA06A3 = {
			isa = PBXGroup;
			children = (
				6DA091CE1B3A46AC00DA06A3 /* SUIToolKitDemo */,
				6DA091E81B3A46AD00DA06A3 /* SUIToolKitDemoTests */,
				6DA091CD1B3A46AC00DA06A3 /* Products */,
				D7F86692F84B7C6BE1065471 /* Pods */,
				742B1A476092A04C3208EF19 /* Frameworks */,
			);
			sourceTree = "<group>";
		};
		6DA091CD1B3A46AC00DA06A3 /* Products */ = {
			isa = PBXGroup;
			children = (
				6DA091CC1B3A46AC00DA06A3 /* SUIToolKitDemo.app */,
				6DA091E51B3A46AD00DA06A3 /* SUIToolKitDemoTests.xctest */,
			);
			name = Products;
			sourceTree = "<group>";
		};
		6DA091CE1B3A46AC00DA06A3 /* SUIToolKitDemo */ = {
			isa = PBXGroup;
			children = (
				6DD81EC11B3CFEEB007E013E /* Category */,
				6DA091FA1B3A49AD00DA06A3 /* SUIBase */,
				6DD81EBA1B3CE9A4007E013E /* VC */,
				6DA091D91B3A46AC00DA06A3 /* Main.storyboard */,
				6DA091DC1B3A46AC00DA06A3 /* Images.xcassets */,
				6DA091DE1B3A46AC00DA06A3 /* LaunchScreen.xib */,
				6DA091F51B3A48A500DA06A3 /* Others */,
				6DA091CF1B3A46AC00DA06A3 /* Supporting Files */,
			);
			path = SUIToolKitDemo;
			sourceTree = "<group>";
		};
		6DA091CF1B3A46AC00DA06A3 /* Supporting Files */ = {
			isa = PBXGroup;
			children = (
				6DA091D01B3A46AC00DA06A3 /* Info.plist */,
				6DA091D11B3A46AC00DA06A3 /* main.m */,
			);
			name = "Supporting Files";
			sourceTree = "<group>";
		};
		6DA091E81B3A46AD00DA06A3 /* SUIToolKitDemoTests */ = {
			isa = PBXGroup;
			children = (
				6DA091EB1B3A46AD00DA06A3 /* SUIToolKitDemoTests.m */,
				6DA091E91B3A46AD00DA06A3 /* Supporting Files */,
			);
			path = SUIToolKitDemoTests;
			sourceTree = "<group>";
		};
		6DA091E91B3A46AD00DA06A3 /* Supporting Files */ = {
			isa = PBXGroup;
			children = (
				6DA091EA1B3A46AD00DA06A3 /* Info.plist */,
			);
			name = "Supporting Files";
			sourceTree = "<group>";
		};
		6DA091F51B3A48A500DA06A3 /* Others */ = {
			isa = PBXGroup;
			children = (
				6DA091F61B3A48C800DA06A3 /* AppDelegate.h */,
				6DA091F71B3A48C800DA06A3 /* AppDelegate.m */,
				6DA091F91B3A48F100DA06A3 /* PrefixHeader.pch */,
			);
			path = Others;
			sourceTree = "<group>";
		};
		6DA091FA1B3A49AD00DA06A3 /* SUIBase */ = {
			isa = PBXGroup;
			children = (
				6DA091FB1B3A49D300DA06A3 /* SUIBaseVC.h */,
				6DA091FC1B3A49D300DA06A3 /* SUIBaseVC.m */,
				6DD81EBE1B3CEE9F007E013E /* SUIBaseConfig.h */,
				6DD81EBF1B3CEE9F007E013E /* SUIBaseConfig.m */,
				6D44C1B91B40EC8100FC3F5A /* SUIBaseCell.h */,
				6D44C1BA1B40EC8100FC3F5A /* SUIBaseCell.m */,
				6DD81EC51B3D0898007E013E /* SUIBaseProtocol.h */,
				6DA091FE1B3A534D00DA06A3 /* SUIToolKitConst.h */,
				6DA091FF1B3A537500DA06A3 /* SUIToolKit.h */,
				6D44C1BC1B414C4D00FC3F5A /* SUIHttpClient.h */,
				6D44C1BD1B414C4D00FC3F5A /* SUIHttpClient.m */,
				6DD81EC91B3D4A45007E013E /* SUIDataSource.h */,
				6DD81ECA1B3D4A45007E013E /* SUIDataSource.m */,
				6D18DBF61B42AB610036A7E7 /* SUIBasePushSegue.h */,
				6D18DBF71B42AB610036A7E7 /* SUIBasePushSegue.m */,
			);
			path = SUIBase;
			sourceTree = "<group>";
		};
		6DD81EBA1B3CE9A4007E013E /* VC */ = {
			isa = PBXGroup;
			children = (
				6DD81EBB1B3CE9C7007E013E /* SUIRootVC.h */,
				6DD81EBC1B3CE9C7007E013E /* SUIRootVC.m */,
				6D18DBED1B4297E40036A7E7 /* SUIPushVC.h */,
				6D18DBEE1B4297E40036A7E7 /* SUIPushVC.m */,
				6D18DBF01B429F2D0036A7E7 /* SUIWeatherMD.h */,
				6D18DBF11B429F2D0036A7E7 /* SUIWeatherMD.m */,
				6D18DBF31B42A1800036A7E7 /* SUIRootCell.h */,
				6D18DBF41B42A1800036A7E7 /* SUIRootCell.m */,
			);
			path = VC;
			sourceTree = "<group>";
		};
		6DD81EC11B3CFEEB007E013E /* Category */ = {
			isa = PBXGroup;
			children = (
				6DD81EC21B3CFF11007E013E /* UIView+SUIExt.h */,
				6DD81EC31B3CFF11007E013E /* UIView+SUIExt.m */,
				6DD81EC61B3D159C007E013E /* UIViewController+SUIExt.h */,
				6DD81EC71B3D159C007E013E /* UIViewController+SUIExt.m */,
			);
			path = Category;
			sourceTree = "<group>";
		};
		742B1A476092A04C3208EF19 /* Frameworks */ = {
			isa = PBXGroup;
			children = (
				3FA561482F072FF6D556247C /* libPods.a */,
			);
			name = Frameworks;
			sourceTree = "<group>";
		};
		D7F86692F84B7C6BE1065471 /* Pods */ = {
			isa = PBXGroup;
			children = (
				D3496D95BBB25B52F3635459 /* Pods.debug.xcconfig */,
				0020EA114C7BFEDDB6D76CAF /* Pods.release.xcconfig */,
			);
			name = Pods;
			sourceTree = "<group>";
		};
/* End PBXGroup section */

/* Begin PBXNativeTarget section */
		6DA091CB1B3A46AC00DA06A3 /* SUIToolKitDemo */ = {
			isa = PBXNativeTarget;
			buildConfigurationList = 6DA091EF1B3A46AD00DA06A3 /* Build configuration list for PBXNativeTarget "SUIToolKitDemo" */;
			buildPhases = (
				8EF5DBB6912E554047957CC1 /* Check Pods Manifest.lock */,
				6DA091C81B3A46AC00DA06A3 /* Sources */,
				6DA091C91B3A46AC00DA06A3 /* Frameworks */,
				6DA091CA1B3A46AC00DA06A3 /* Resources */,
				327FCE3CBC7EC8116C15EEE2 /* Copy Pods Resources */,
			);
			buildRules = (
			);
			dependencies = (
			);
			name = SUIToolKitDemo;
			productName = SUIToolKitDemo;
			productReference = 6DA091CC1B3A46AC00DA06A3 /* SUIToolKitDemo.app */;
			productType = "com.apple.product-type.application";
		};
		6DA091E41B3A46AD00DA06A3 /* SUIToolKitDemoTests */ = {
			isa = PBXNativeTarget;
			buildConfigurationList = 6DA091F21B3A46AD00DA06A3 /* Build configuration list for PBXNativeTarget "SUIToolKitDemoTests" */;
			buildPhases = (
				6DA091E11B3A46AD00DA06A3 /* Sources */,
				6DA091E21B3A46AD00DA06A3 /* Frameworks */,
				6DA091E31B3A46AD00DA06A3 /* Resources */,
			);
			buildRules = (
			);
			dependencies = (
				6DA091E71B3A46AD00DA06A3 /* PBXTargetDependency */,
			);
			name = SUIToolKitDemoTests;
			productName = SUIToolKitDemoTests;
			productReference = 6DA091E51B3A46AD00DA06A3 /* SUIToolKitDemoTests.xctest */;
			productType = "com.apple.product-type.bundle.unit-test";
		};
/* End PBXNativeTarget section */

/* Begin PBXProject section */
		6DA091C41B3A46AC00DA06A3 /* Project object */ = {
			isa = PBXProject;
			attributes = {
				LastUpgradeCheck = 0630;
				ORGANIZATIONNAME = "SUIO~";
				TargetAttributes = {
					6DA091CB1B3A46AC00DA06A3 = {
						CreatedOnToolsVersion = 6.3;
					};
					6DA091E41B3A46AD00DA06A3 = {
						CreatedOnToolsVersion = 6.3;
						TestTargetID = 6DA091CB1B3A46AC00DA06A3;
					};
				};
			};
			buildConfigurationList = 6DA091C71B3A46AC00DA06A3 /* Build configuration list for PBXProject "SUIToolKitDemo" */;
			compatibilityVersion = "Xcode 3.2";
			developmentRegion = English;
			hasScannedForEncodings = 0;
			knownRegions = (
				en,
				Base,
			);
			mainGroup = 6DA091C31B3A46AC00DA06A3;
			productRefGroup = 6DA091CD1B3A46AC00DA06A3 /* Products */;
			projectDirPath = "";
			projectRoot = "";
			targets = (
				6DA091CB1B3A46AC00DA06A3 /* SUIToolKitDemo */,
				6DA091E41B3A46AD00DA06A3 /* SUIToolKitDemoTests */,
			);
		};
/* End PBXProject section */

/* Begin PBXResourcesBuildPhase section */
		6DA091CA1B3A46AC00DA06A3 /* Resources */ = {
			isa = PBXResourcesBuildPhase;
			buildActionMask = 2147483647;
			files = (
				6DA091DB1B3A46AC00DA06A3 /* Main.storyboard in Resources */,
				6DA091E01B3A46AC00DA06A3 /* LaunchScreen.xib in Resources */,
				6DA091DD1B3A46AC00DA06A3 /* Images.xcassets in Resources */,
			);
			runOnlyForDeploymentPostprocessing = 0;
		};
		6DA091E31B3A46AD00DA06A3 /* Resources */ = {
			isa = PBXResourcesBuildPhase;
			buildActionMask = 2147483647;
			files = (
			);
			runOnlyForDeploymentPostprocessing = 0;
		};
/* End PBXResourcesBuildPhase section */

/* Begin PBXShellScriptBuildPhase section */
		327FCE3CBC7EC8116C15EEE2 /* Copy Pods Resources */ = {
			isa = PBXShellScriptBuildPhase;
			buildActionMask = 2147483647;
			files = (
			);
			inputPaths = (
			);
			name = "Copy Pods Resources";
			outputPaths = (
			);
			runOnlyForDeploymentPostprocessing = 0;
			shellPath = /bin/sh;
			shellScript = "\"${SRCROOT}/Pods/Target Support Files/Pods/Pods-resources.sh\"\n";
			showEnvVarsInLog = 0;
		};
		8EF5DBB6912E554047957CC1 /* Check Pods Manifest.lock */ = {
			isa = PBXShellScriptBuildPhase;
			buildActionMask = 2147483647;
			files = (
			);
			inputPaths = (
			);
			name = "Check Pods Manifest.lock";
			outputPaths = (
			);
			runOnlyForDeploymentPostprocessing = 0;
			shellPath = /bin/sh;
			shellScript = "diff \"${PODS_ROOT}/../Podfile.lock\" \"${PODS_ROOT}/Manifest.lock\" > /dev/null\nif [[ $? != 0 ]] ; then\n    cat << EOM\nerror: The sandbox is not in sync with the Podfile.lock. Run 'pod install' or update your CocoaPods installation.\nEOM\n    exit 1\nfi\n";
			showEnvVarsInLog = 0;
		};
/* End PBXShellScriptBuildPhase section */

/* Begin PBXSourcesBuildPhase section */
		6DA091C81B3A46AC00DA06A3 /* Sources */ = {
			isa = PBXSourcesBuildPhase;
			buildActionMask = 2147483647;
			files = (
				6D44C1BE1B414C4D00FC3F5A /* SUIHttpClient.m in Sources */,
				6D18DBF51B42A1800036A7E7 /* SUIRootCell.m in Sources */,
				6DD81EC41B3CFF11007E013E /* UIView+SUIExt.m in Sources */,
				6D44C1BB1B40EC8100FC3F5A /* SUIBaseCell.m in Sources */,
				6D18DBF21B429F2D0036A7E7 /* SUIWeatherMD.m in Sources */,
				6DD81EBD1B3CE9C7007E013E /* SUIRootVC.m in Sources */,
				6DD81EC01B3CEE9F007E013E /* SUIBaseConfig.m in Sources */,
				6DD81EC81B3D159C007E013E /* UIViewController+SUIExt.m in Sources */,
				6DA091D21B3A46AC00DA06A3 /* main.m in Sources */,
				6DA091F81B3A48C800DA06A3 /* AppDelegate.m in Sources */,
				6D18DBF81B42AB610036A7E7 /* SUIBasePushSegue.m in Sources */,
				6DD81ECB1B3D4A45007E013E /* SUIDataSource.m in Sources */,
				6DA091FD1B3A49D300DA06A3 /* SUIBaseVC.m in Sources */,
				6D18DBEF1B4297E40036A7E7 /* SUIPushVC.m in Sources */,
			);
			runOnlyForDeploymentPostprocessing = 0;
		};
		6DA091E11B3A46AD00DA06A3 /* Sources */ = {
			isa = PBXSourcesBuildPhase;
			buildActionMask = 2147483647;
			files = (
				6DA091EC1B3A46AD00DA06A3 /* SUIToolKitDemoTests.m in Sources */,
			);
			runOnlyForDeploymentPostprocessing = 0;
		};
/* End PBXSourcesBuildPhase section */

/* Begin PBXTargetDependency section */
		6DA091E71B3A46AD00DA06A3 /* PBXTargetDependency */ = {
			isa = PBXTargetDependency;
			target = 6DA091CB1B3A46AC00DA06A3 /* SUIToolKitDemo */;
			targetProxy = 6DA091E61B3A46AD00DA06A3 /* PBXContainerItemProxy */;
		};
/* End PBXTargetDependency section */

/* Begin PBXVariantGroup section */
		6DA091D91B3A46AC00DA06A3 /* Main.storyboard */ = {
			isa = PBXVariantGroup;
			children = (
				6DA091DA1B3A46AC00DA06A3 /* Base */,
			);
			name = Main.storyboard;
			sourceTree = "<group>";
		};
		6DA091DE1B3A46AC00DA06A3 /* LaunchScreen.xib */ = {
			isa = PBXVariantGroup;
			children = (
				6DA091DF1B3A46AC00DA06A3 /* Base */,
			);
			name = LaunchScreen.xib;
			sourceTree = "<group>";
		};
/* End PBXVariantGroup section */

/* Begin XCBuildConfiguration section */
		6DA091ED1B3A46AD00DA06A3 /* Debug */ = {
			isa = XCBuildConfiguration;
			buildSettings = {
				ALWAYS_SEARCH_USER_PATHS = NO;
				CLANG_CXX_LANGUAGE_STANDARD = "gnu++0x";
				CLANG_CXX_LIBRARY = "libc++";
				CLANG_ENABLE_MODULES = YES;
				CLANG_ENABLE_OBJC_ARC = YES;
				CLANG_WARN_BOOL_CONVERSION = YES;
				CLANG_WARN_CONSTANT_CONVERSION = YES;
				CLANG_WARN_DIRECT_OBJC_ISA_USAGE = YES_ERROR;
				CLANG_WARN_EMPTY_BODY = YES;
				CLANG_WARN_ENUM_CONVERSION = YES;
				CLANG_WARN_INT_CONVERSION = YES;
				CLANG_WARN_OBJC_ROOT_CLASS = YES_ERROR;
				CLANG_WARN_UNREACHABLE_CODE = YES;
				CLANG_WARN__DUPLICATE_METHOD_MATCH = YES;
				"CODE_SIGN_IDENTITY[sdk=iphoneos*]" = "iPhone Developer";
				COPY_PHASE_STRIP = NO;
				DEBUG_INFORMATION_FORMAT = "dwarf-with-dsym";
				ENABLE_STRICT_OBJC_MSGSEND = YES;
				GCC_C_LANGUAGE_STANDARD = gnu99;
				GCC_DYNAMIC_NO_PIC = NO;
				GCC_NO_COMMON_BLOCKS = YES;
				GCC_OPTIMIZATION_LEVEL = 0;
				GCC_PREPROCESSOR_DEFINITIONS = (
					"DEBUG=1",
					"$(inherited)",
				);
				GCC_SYMBOLS_PRIVATE_EXTERN = NO;
				GCC_WARN_64_TO_32_BIT_CONVERSION = YES;
				GCC_WARN_ABOUT_RETURN_TYPE = YES_ERROR;
				GCC_WARN_UNDECLARED_SELECTOR = YES;
				GCC_WARN_UNINITIALIZED_AUTOS = YES_AGGRESSIVE;
				GCC_WARN_UNUSED_FUNCTION = YES;
				GCC_WARN_UNUSED_VARIABLE = YES;
				IPHONEOS_DEPLOYMENT_TARGET = 8.3;
				MTL_ENABLE_DEBUG_INFO = YES;
				ONLY_ACTIVE_ARCH = YES;
				SDKROOT = iphoneos;
			};
			name = Debug;
		};
		6DA091EE1B3A46AD00DA06A3 /* Release */ = {
			isa = XCBuildConfiguration;
			buildSettings = {
				ALWAYS_SEARCH_USER_PATHS = NO;
				CLANG_CXX_LANGUAGE_STANDARD = "gnu++0x";
				CLANG_CXX_LIBRARY = "libc++";
				CLANG_ENABLE_MODULES = YES;
				CLANG_ENABLE_OBJC_ARC = YES;
				CLANG_WARN_BOOL_CONVERSION = YES;
				CLANG_WARN_CONSTANT_CONVERSION = YES;
				CLANG_WARN_DIRECT_OBJC_ISA_USAGE = YES_ERROR;
				CLANG_WARN_EMPTY_BODY = YES;
				CLANG_WARN_ENUM_CONVERSION = YES;
				CLANG_WARN_INT_CONVERSION = YES;
				CLANG_WARN_OBJC_ROOT_CLASS = YES_ERROR;
				CLANG_WARN_UNREACHABLE_CODE = YES;
				CLANG_WARN__DUPLICATE_METHOD_MATCH = YES;
				"CODE_SIGN_IDENTITY[sdk=iphoneos*]" = "iPhone Developer";
				COPY_PHASE_STRIP = NO;
				DEBUG_INFORMATION_FORMAT = "dwarf-with-dsym";
				ENABLE_NS_ASSERTIONS = NO;
				ENABLE_STRICT_OBJC_MSGSEND = YES;
				GCC_C_LANGUAGE_STANDARD = gnu99;
				GCC_NO_COMMON_BLOCKS = YES;
				GCC_WARN_64_TO_32_BIT_CONVERSION = YES;
				GCC_WARN_ABOUT_RETURN_TYPE = YES_ERROR;
				GCC_WARN_UNDECLARED_SELECTOR = YES;
				GCC_WARN_UNINITIALIZED_AUTOS = YES_AGGRESSIVE;
				GCC_WARN_UNUSED_FUNCTION = YES;
				GCC_WARN_UNUSED_VARIABLE = YES;
				IPHONEOS_DEPLOYMENT_TARGET = 8.3;
				MTL_ENABLE_DEBUG_INFO = NO;
				SDKROOT = iphoneos;
				VALIDATE_PRODUCT = YES;
			};
			name = Release;
		};
		6DA091F01B3A46AD00DA06A3 /* Debug */ = {
			isa = XCBuildConfiguration;
			baseConfigurationReference = D3496D95BBB25B52F3635459 /* Pods.debug.xcconfig */;
			buildSettings = {
				ASSETCATALOG_COMPILER_APPICON_NAME = AppIcon;
				GCC_PREFIX_HEADER = "$(PROJECT_DIR)/$(PROJECT_NAME)/Others/PrefixHeader.pch";
				INFOPLIST_FILE = SUIToolKitDemo/Info.plist;
				LD_RUNPATH_SEARCH_PATHS = "$(inherited) @executable_path/Frameworks";
				PRODUCT_NAME = "$(TARGET_NAME)";
			};
			name = Debug;
		};
		6DA091F11B3A46AD00DA06A3 /* Release */ = {
			isa = XCBuildConfiguration;
			baseConfigurationReference = 0020EA114C7BFEDDB6D76CAF /* Pods.release.xcconfig */;
			buildSettings = {
				ASSETCATALOG_COMPILER_APPICON_NAME = AppIcon;
				GCC_PREFIX_HEADER = "$(PROJECT_DIR)/$(PROJECT_NAME)/Others/PrefixHeader.pch";
				INFOPLIST_FILE = SUIToolKitDemo/Info.plist;
				LD_RUNPATH_SEARCH_PATHS = "$(inherited) @executable_path/Frameworks";
				PRODUCT_NAME = "$(TARGET_NAME)";
			};
			name = Release;
		};
		6DA091F31B3A46AD00DA06A3 /* Debug */ = {
			isa = XCBuildConfiguration;
			buildSettings = {
				BUNDLE_LOADER = "$(TEST_HOST)";
				FRAMEWORK_SEARCH_PATHS = (
					"$(SDKROOT)/Developer/Library/Frameworks",
					"$(inherited)",
				);
				GCC_PREPROCESSOR_DEFINITIONS = (
					"DEBUG=1",
					"$(inherited)",
				);
				INFOPLIST_FILE = SUIToolKitDemoTests/Info.plist;
				LD_RUNPATH_SEARCH_PATHS = "$(inherited) @executable_path/Frameworks @loader_path/Frameworks";
				PRODUCT_NAME = "$(TARGET_NAME)";
				TEST_HOST = "$(BUILT_PRODUCTS_DIR)/SUIToolKitDemo.app/SUIToolKitDemo";
			};
			name = Debug;
		};
		6DA091F41B3A46AD00DA06A3 /* Release */ = {
			isa = XCBuildConfiguration;
			buildSettings = {
				BUNDLE_LOADER = "$(TEST_HOST)";
				FRAMEWORK_SEARCH_PATHS = (
					"$(SDKROOT)/Developer/Library/Frameworks",
					"$(inherited)",
				);
				INFOPLIST_FILE = SUIToolKitDemoTests/Info.plist;
				LD_RUNPATH_SEARCH_PATHS = "$(inherited) @executable_path/Frameworks @loader_path/Frameworks";
				PRODUCT_NAME = "$(TARGET_NAME)";
				TEST_HOST = "$(BUILT_PRODUCTS_DIR)/SUIToolKitDemo.app/SUIToolKitDemo";
			};
			name = Release;
		};
/* End XCBuildConfiguration section */

/* Begin XCConfigurationList section */
		6DA091C71B3A46AC00DA06A3 /* Build configuration list for PBXProject "SUIToolKitDemo" */ = {
			isa = XCConfigurationList;
			buildConfigurations = (
				6DA091ED1B3A46AD00DA06A3 /* Debug */,
				6DA091EE1B3A46AD00DA06A3 /* Release */,
			);
			defaultConfigurationIsVisible = 0;
			defaultConfigurationName = Release;
		};
		6DA091EF1B3A46AD00DA06A3 /* Build configuration list for PBXNativeTarget "SUIToolKitDemo" */ = {
			isa = XCConfigurationList;
			buildConfigurations = (
				6DA091F01B3A46AD00DA06A3 /* Debug */,
				6DA091F11B3A46AD00DA06A3 /* Release */,
			);
			defaultConfigurationIsVisible = 0;
			defaultConfigurationName = Release;
		};
		6DA091F21B3A46AD00DA06A3 /* Build configuration list for PBXNativeTarget "SUIToolKitDemoTests" */ = {
			isa = XCConfigurationList;
			buildConfigurations = (
				6DA091F31B3A46AD00DA06A3 /* Debug */,
				6DA091F41B3A46AD00DA06A3 /* Release */,
			);
			defaultConfigurationIsVisible = 0;
			defaultConfigurationName = Release;
		};
/* End XCConfigurationList section */
	};
	rootObject = 6DA091C41B3A46AC00DA06A3 /* Project object */;
}
