// !$*UTF8*$!
{
	archiveVersion = 1;
	classes = {
	};
	objectVersion = 46;
	objects = {

/* Begin PBXBuildFile section */
		28E76DCB52269C8376DB87FD /* libPods.a in Frameworks */ = {isa = PBXBuildFile; fileRef = 3FA561482F072FF6D556247C /* libPods.a */; };
		6D1F1E0A1B4A95C800A2DC39 /* SUIAlbumMD.m in Sources */ = {isa = PBXBuildFile; fileRef = 6D1F1E091B4A95C800A2DC39 /* SUIAlbumMD.m */; };
		6D1F1E0D1B4A9A4E00A2DC39 /* SUIMainTVC.m in Sources */ = {isa = PBXBuildFile; fileRef = 6D1F1E0C1B4A9A4E00A2DC39 /* SUIMainTVC.m */; };
		6D44D9111B53588B0067E225 /* SUITrackMD.m in Sources */ = {isa = PBXBuildFile; fileRef = 6D44D9101B53588B0067E225 /* SUITrackMD.m */; };
		6D44D9141B53588C0067E225 /* SUIMediaMD.m in Sources */ = {isa = PBXBuildFile; fileRef = 6D44D9131B53588C0067E225 /* SUIMediaMD.m */; };
		6D9D5B011B4535B900B285DE /* UIView+SUIExt.m in Sources */ = {isa = PBXBuildFile; fileRef = 6D9D5AEA1B4535B900B285DE /* UIView+SUIExt.m */; };
		6D9D5B021B4535B900B285DE /* UIViewController+SUIExt.m in Sources */ = {isa = PBXBuildFile; fileRef = 6D9D5AEC1B4535B900B285DE /* UIViewController+SUIExt.m */; };
		6D9D5B031B4535B900B285DE /* SUIBaseCell.m in Sources */ = {isa = PBXBuildFile; fileRef = 6D9D5AEF1B4535B900B285DE /* SUIBaseCell.m */; };
		6D9D5B041B4535B900B285DE /* SUIBaseConfig.m in Sources */ = {isa = PBXBuildFile; fileRef = 6D9D5AF11B4535B900B285DE /* SUIBaseConfig.m */; };
		6D9D5B051B4535B900B285DE /* SUIBasePushSegue.m in Sources */ = {isa = PBXBuildFile; fileRef = 6D9D5AF41B4535B900B285DE /* SUIBasePushSegue.m */; };
		6D9D5B061B4535B900B285DE /* SUIBaseTVC.m in Sources */ = {isa = PBXBuildFile; fileRef = 6D9D5AF61B4535B900B285DE /* SUIBaseTVC.m */; };
		6D9D5B071B4535B900B285DE /* SUIBaseVC.m in Sources */ = {isa = PBXBuildFile; fileRef = 6D9D5AF81B4535B900B285DE /* SUIBaseVC.m */; };
		6D9D5B081B4535B900B285DE /* SUIBaseView.m in Sources */ = {isa = PBXBuildFile; fileRef = 6D9D5AFA1B4535B900B285DE /* SUIBaseView.m */; };
		6D9D5B091B4535B900B285DE /* SUIDataSource.m in Sources */ = {isa = PBXBuildFile; fileRef = 6D9D5AFC1B4535B900B285DE /* SUIDataSource.m */; };
		6D9D5B0A1B4535B900B285DE /* SUIHttpClient.m in Sources */ = {isa = PBXBuildFile; fileRef = 6D9D5AFE1B4535B900B285DE /* SUIHttpClient.m */; };
		6DA091D21B3A46AC00DA06A3 /* main.m in Sources */ = {isa = PBXBuildFile; fileRef = 6DA091D11B3A46AC00DA06A3 /* main.m */; };
		6DA091DB1B3A46AC00DA06A3 /* Main.storyboard in Resources */ = {isa = PBXBuildFile; fileRef = 6DA091D91B3A46AC00DA06A3 /* Main.storyboard */; };
		6DA091DD1B3A46AC00DA06A3 /* Images.xcassets in Resources */ = {isa = PBXBuildFile; fileRef = 6DA091DC1B3A46AC00DA06A3 /* Images.xcassets */; };
		6DA091EC1B3A46AD00DA06A3 /* SUIToolKitDemoTests.m in Sources */ = {isa = PBXBuildFile; fileRef = 6DA091EB1B3A46AD00DA06A3 /* SUIToolKitDemoTests.m */; };
		6DA091F81B3A48C800DA06A3 /* AppDelegate.m in Sources */ = {isa = PBXBuildFile; fileRef = 6DA091F71B3A48C800DA06A3 /* AppDelegate.m */; };
		6DCC7E021B4D188B00EE8E5B /* SUIAlbumVC.m in Sources */ = {isa = PBXBuildFile; fileRef = 6DCC7E011B4D188B00EE8E5B /* SUIAlbumVC.m */; };
		6DCC7E051B4D190400EE8E5B /* SUIAlbumCell.m in Sources */ = {isa = PBXBuildFile; fileRef = 6DCC7E041B4D190400EE8E5B /* SUIAlbumCell.m */; };
		6DE515911B4E2C0300032191 /* SUITrackVC.m in Sources */ = {isa = PBXBuildFile; fileRef = 6DE515901B4E2C0300032191 /* SUITrackVC.m */; };
		6DE515941B4E2C1A00032191 /* SUITrackCell.m in Sources */ = {isa = PBXBuildFile; fileRef = 6DE515931B4E2C1A00032191 /* SUITrackCell.m */; };
		6DEF08301B4FAAD700F4FBF6 /* SUIToolKitDemo.xcdatamodeld in Sources */ = {isa = PBXBuildFile; fileRef = 6DEF082E1B4FAAD700F4FBF6 /* SUIToolKitDemo.xcdatamodeld */; };
/* End PBXBuildFile section */

/* Begin PBXContainerItemProxy section */
		6DA091E61B3A46AD00DA06A3 /* PBXContainerItemProxy */ = {
			isa = PBXContainerItemProxy;
			containerPortal = 6DA091C41B3A46AC00DA06A3 /* Project object */;
			proxyType = 1;
			remoteGlobalIDString = 6DA091CB1B3A46AC00DA06A3;
			remoteInfo = SUIToolKitDemo;
		};
/* End PBXContainerItemProxy section */

/* Begin PBXFileReference section */
		0020EA114C7BFEDDB6D76CAF /* Pods.release.xcconfig */ = {isa = PBXFileReference; includeInIndex = 1; lastKnownFileType = text.xcconfig; name = Pods.release.xcconfig; path = "Pods/Target Support Files/Pods/Pods.release.xcconfig"; sourceTree = "<group>"; };
		3FA561482F072FF6D556247C /* libPods.a */ = {isa = PBXFileReference; explicitFileType = archive.ar; includeInIndex = 0; path = libPods.a; sourceTree = BUILT_PRODUCTS_DIR; };
		6D1F1E081B4A95C800A2DC39 /* SUIAlbumMD.h */ = {isa = PBXFileReference; fileEncoding = 4; lastKnownFileType = sourcecode.c.h; path = SUIAlbumMD.h; sourceTree = "<group>"; };
		6D1F1E091B4A95C800A2DC39 /* SUIAlbumMD.m */ = {isa = PBXFileReference; fileEncoding = 4; lastKnownFileType = sourcecode.c.objc; path = SUIAlbumMD.m; sourceTree = "<group>"; };
		6D1F1E0B1B4A9A4E00A2DC39 /* SUIMainTVC.h */ = {isa = PBXFileReference; fileEncoding = 4; lastKnownFileType = sourcecode.c.h; path = SUIMainTVC.h; sourceTree = "<group>"; };
		6D1F1E0C1B4A9A4E00A2DC39 /* SUIMainTVC.m */ = {isa = PBXFileReference; fileEncoding = 4; lastKnownFileType = sourcecode.c.objc; path = SUIMainTVC.m; sourceTree = "<group>"; };
		6D44D90F1B53588B0067E225 /* SUITrackMD.h */ = {isa = PBXFileReference; fileEncoding = 4; lastKnownFileType = sourcecode.c.h; path = SUITrackMD.h; sourceTree = "<group>"; };
		6D44D9101B53588B0067E225 /* SUITrackMD.m */ = {isa = PBXFileReference; fileEncoding = 4; lastKnownFileType = sourcecode.c.objc; path = SUITrackMD.m; sourceTree = "<group>"; };
		6D44D9121B53588C0067E225 /* SUIMediaMD.h */ = {isa = PBXFileReference; fileEncoding = 4; lastKnownFileType = sourcecode.c.h; path = SUIMediaMD.h; sourceTree = "<group>"; };
		6D44D9131B53588C0067E225 /* SUIMediaMD.m */ = {isa = PBXFileReference; fileEncoding = 4; lastKnownFileType = sourcecode.c.objc; path = SUIMediaMD.m; sourceTree = "<group>"; };
		6D9D5AE91B4535B900B285DE /* UIView+SUIExt.h */ = {isa = PBXFileReference; fileEncoding = 4; lastKnownFileType = sourcecode.c.h; path = "UIView+SUIExt.h"; sourceTree = "<group>"; };
		6D9D5AEA1B4535B900B285DE /* UIView+SUIExt.m */ = {isa = PBXFileReference; fileEncoding = 4; lastKnownFileType = sourcecode.c.objc; path = "UIView+SUIExt.m"; sourceTree = "<group>"; };
		6D9D5AEB1B4535B900B285DE /* UIViewController+SUIExt.h */ = {isa = PBXFileReference; fileEncoding = 4; lastKnownFileType = sourcecode.c.h; path = "UIViewController+SUIExt.h"; sourceTree = "<group>"; };
		6D9D5AEC1B4535B900B285DE /* UIViewController+SUIExt.m */ = {isa = PBXFileReference; fileEncoding = 4; lastKnownFileType = sourcecode.c.objc; path = "UIViewController+SUIExt.m"; sourceTree = "<group>"; };
		6D9D5AEE1B4535B900B285DE /* SUIBaseCell.h */ = {isa = PBXFileReference; fileEncoding = 4; lastKnownFileType = sourcecode.c.h; path = SUIBaseCell.h; sourceTree = "<group>"; };
		6D9D5AEF1B4535B900B285DE /* SUIBaseCell.m */ = {isa = PBXFileReference; fileEncoding = 4; lastKnownFileType = sourcecode.c.objc; path = SUIBaseCell.m; sourceTree = "<group>"; };
		6D9D5AF01B4535B900B285DE /* SUIBaseConfig.h */ = {isa = PBXFileReference; fileEncoding = 4; lastKnownFileType = sourcecode.c.h; path = SUIBaseConfig.h; sourceTree = "<group>"; };
		6D9D5AF11B4535B900B285DE /* SUIBaseConfig.m */ = {isa = PBXFileReference; fileEncoding = 4; lastKnownFileType = sourcecode.c.objc; path = SUIBaseConfig.m; sourceTree = "<group>"; };
		6D9D5AF21B4535B900B285DE /* SUIBaseProtocol.h */ = {isa = PBXFileReference; fileEncoding = 4; lastKnownFileType = sourcecode.c.h; path = SUIBaseProtocol.h; sourceTree = "<group>"; };
		6D9D5AF31B4535B900B285DE /* SUIBasePushSegue.h */ = {isa = PBXFileReference; fileEncoding = 4; lastKnownFileType = sourcecode.c.h; path = SUIBasePushSegue.h; sourceTree = "<group>"; };
		6D9D5AF41B4535B900B285DE /* SUIBasePushSegue.m */ = {isa = PBXFileReference; fileEncoding = 4; lastKnownFileType = sourcecode.c.objc; path = SUIBasePushSegue.m; sourceTree = "<group>"; };
		6D9D5AF51B4535B900B285DE /* SUIBaseTVC.h */ = {isa = PBXFileReference; fileEncoding = 4; lastKnownFileType = sourcecode.c.h; path = SUIBaseTVC.h; sourceTree = "<group>"; };
		6D9D5AF61B4535B900B285DE /* SUIBaseTVC.m */ = {isa = PBXFileReference; fileEncoding = 4; lastKnownFileType = sourcecode.c.objc; path = SUIBaseTVC.m; sourceTree = "<group>"; };
		6D9D5AF71B4535B900B285DE /* SUIBaseVC.h */ = {isa = PBXFileReference; fileEncoding = 4; lastKnownFileType = sourcecode.c.h; path = SUIBaseVC.h; sourceTree = "<group>"; };
		6D9D5AF81B4535B900B285DE /* SUIBaseVC.m */ = {isa = PBXFileReference; fileEncoding = 4; lastKnownFileType = sourcecode.c.objc; path = SUIBaseVC.m; sourceTree = "<group>"; };
		6D9D5AF91B4535B900B285DE /* SUIBaseView.h */ = {isa = PBXFileReference; fileEncoding = 4; lastKnownFileType = sourcecode.c.h; path = SUIBaseView.h; sourceTree = "<group>"; };
		6D9D5AFA1B4535B900B285DE /* SUIBaseView.m */ = {isa = PBXFileReference; fileEncoding = 4; lastKnownFileType = sourcecode.c.objc; path = SUIBaseView.m; sourceTree = "<group>"; };
		6D9D5AFB1B4535B900B285DE /* SUIDataSource.h */ = {isa = PBXFileReference; fileEncoding = 4; lastKnownFileType = sourcecode.c.h; path = SUIDataSource.h; sourceTree = "<group>"; };
		6D9D5AFC1B4535B900B285DE /* SUIDataSource.m */ = {isa = PBXFileReference; fileEncoding = 4; lastKnownFileType = sourcecode.c.objc; path = SUIDataSource.m; sourceTree = "<group>"; };
		6D9D5AFD1B4535B900B285DE /* SUIHttpClient.h */ = {isa = PBXFileReference; fileEncoding = 4; lastKnownFileType = sourcecode.c.h; path = SUIHttpClient.h; sourceTree = "<group>"; };
		6D9D5AFE1B4535B900B285DE /* SUIHttpClient.m */ = {isa = PBXFileReference; fileEncoding = 4; lastKnownFileType = sourcecode.c.objc; path = SUIHttpClient.m; sourceTree = "<group>"; };
		6D9D5AFF1B4535B900B285DE /* SUIToolKit.h */ = {isa = PBXFileReference; fileEncoding = 4; lastKnownFileType = sourcecode.c.h; path = SUIToolKit.h; sourceTree = "<group>"; };
		6D9D5B001B4535B900B285DE /* SUIToolKitConst.h */ = {isa = PBXFileReference; fileEncoding = 4; lastKnownFileType = sourcecode.c.h; path = SUIToolKitConst.h; sourceTree = "<group>"; };
		6DA091CC1B3A46AC00DA06A3 /* SUIToolKitDemo.app */ = {isa = PBXFileReference; explicitFileType = wrapper.application; includeInIndex = 0; path = SUIToolKitDemo.app; sourceTree = BUILT_PRODUCTS_DIR; };
		6DA091D01B3A46AC00DA06A3 /* Info.plist */ = {isa = PBXFileReference; lastKnownFileType = text.plist.xml; path = Info.plist; sourceTree = "<group>"; };
		6DA091D11B3A46AC00DA06A3 /* main.m */ = {isa = PBXFileReference; lastKnownFileType = sourcecode.c.objc; path = main.m; sourceTree = "<group>"; };
		6DA091DA1B3A46AC00DA06A3 /* Base */ = {isa = PBXFileReference; lastKnownFileType = file.storyboard; name = Base; path = Base.lproj/Main.storyboard; sourceTree = "<group>"; };
		6DA091DC1B3A46AC00DA06A3 /* Images.xcassets */ = {isa = PBXFileReference; lastKnownFileType = folder.assetcatalog; path = Images.xcassets; sourceTree = "<group>"; };
		6DA091E51B3A46AD00DA06A3 /* SUIToolKitDemoTests.xctest */ = {isa = PBXFileReference; explicitFileType = wrapper.cfbundle; includeInIndex = 0; path = SUIToolKitDemoTests.xctest; sourceTree = BUILT_PRODUCTS_DIR; };
		6DA091EA1B3A46AD00DA06A3 /* Info.plist */ = {isa = PBXFileReference; lastKnownFileType = text.plist.xml; path = Info.plist; sourceTree = "<group>"; };
		6DA091EB1B3A46AD00DA06A3 /* SUIToolKitDemoTests.m */ = {isa = PBXFileReference; lastKnownFileType = sourcecode.c.objc; path = SUIToolKitDemoTests.m; sourceTree = "<group>"; };
		6DA091F61B3A48C800DA06A3 /* AppDelegate.h */ = {isa = PBXFileReference; fileEncoding = 4; lastKnownFileType = sourcecode.c.h; path = AppDelegate.h; sourceTree = "<group>"; };
		6DA091F71B3A48C800DA06A3 /* AppDelegate.m */ = {isa = PBXFileReference; fileEncoding = 4; lastKnownFileType = sourcecode.c.objc; path = AppDelegate.m; sourceTree = "<group>"; };
		6DA091F91B3A48F100DA06A3 /* PrefixHeader.pch */ = {isa = PBXFileReference; lastKnownFileType = sourcecode.c.h; path = PrefixHeader.pch; sourceTree = "<group>"; };
		6DCC7E001B4D188B00EE8E5B /* SUIAlbumVC.h */ = {isa = PBXFileReference; fileEncoding = 4; lastKnownFileType = sourcecode.c.h; path = SUIAlbumVC.h; sourceTree = "<group>"; };
		6DCC7E011B4D188B00EE8E5B /* SUIAlbumVC.m */ = {isa = PBXFileReference; fileEncoding = 4; lastKnownFileType = sourcecode.c.objc; path = SUIAlbumVC.m; sourceTree = "<group>"; };
		6DCC7E031B4D190400EE8E5B /* SUIAlbumCell.h */ = {isa = PBXFileReference; fileEncoding = 4; lastKnownFileType = sourcecode.c.h; path = SUIAlbumCell.h; sourceTree = "<group>"; };
		6DCC7E041B4D190400EE8E5B /* SUIAlbumCell.m */ = {isa = PBXFileReference; fileEncoding = 4; lastKnownFileType = sourcecode.c.objc; path = SUIAlbumCell.m; sourceTree = "<group>"; };
		6DE5158F1B4E2C0300032191 /* SUITrackVC.h */ = {isa = PBXFileReference; fileEncoding = 4; lastKnownFileType = sourcecode.c.h; path = SUITrackVC.h; sourceTree = "<group>"; };
		6DE515901B4E2C0300032191 /* SUITrackVC.m */ = {isa = PBXFileReference; fileEncoding = 4; lastKnownFileType = sourcecode.c.objc; path = SUITrackVC.m; sourceTree = "<group>"; };
		6DE515921B4E2C1A00032191 /* SUITrackCell.h */ = {isa = PBXFileReference; fileEncoding = 4; lastKnownFileType = sourcecode.c.h; path = SUITrackCell.h; sourceTree = "<group>"; };
		6DE515931B4E2C1A00032191 /* SUITrackCell.m */ = {isa = PBXFileReference; fileEncoding = 4; lastKnownFileType = sourcecode.c.objc; path = SUITrackCell.m; sourceTree = "<group>"; };
		6DEF082F1B4FAAD700F4FBF6 /* SUIToolKitDemo.xcdatamodel */ = {isa = PBXFileReference; lastKnownFileType = wrapper.xcdatamodel; path = SUIToolKitDemo.xcdatamodel; sourceTree = "<group>"; };
		D3496D95BBB25B52F3635459 /* Pods.debug.xcconfig */ = {isa = PBXFileReference; includeInIndex = 1; lastKnownFileType = text.xcconfig; name = Pods.debug.xcconfig; path = "Pods/Target Support Files/Pods/Pods.debug.xcconfig"; sourceTree = "<group>"; };
/* End PBXFileReference section */

/* Begin PBXFrameworksBuildPhase section */
		6DA091C91B3A46AC00DA06A3 /* Frameworks */ = {
			isa = PBXFrameworksBuildPhase;
			buildActionMask = 2147483647;
			files = (
				28E76DCB52269C8376DB87FD /* libPods.a in Frameworks */,
			);
			runOnlyForDeploymentPostprocessing = 0;
		};
		6DA091E21B3A46AD00DA06A3 /* Frameworks */ = {
			isa = PBXFrameworksBuildPhase;
			buildActionMask = 2147483647;
			files = (
			);
			runOnlyForDeploymentPostprocessing = 0;
		};
/* End PBXFrameworksBuildPhase section */

/* Begin PBXGroup section */
		6D9D5AD51B4535A900B285DE /* Demo */ = {
			isa = PBXGroup;
			children = (
				6D1F1E0B1B4A9A4E00A2DC39 /* SUIMainTVC.h */,
				6D1F1E0C1B4A9A4E00A2DC39 /* SUIMainTVC.m */,
				6DCC7E001B4D188B00EE8E5B /* SUIAlbumVC.h */,
				6DCC7E011B4D188B00EE8E5B /* SUIAlbumVC.m */,
				6DCC7E031B4D190400EE8E5B /* SUIAlbumCell.h */,
				6DCC7E041B4D190400EE8E5B /* SUIAlbumCell.m */,
				6D1F1E081B4A95C800A2DC39 /* SUIAlbumMD.h */,
				6D1F1E091B4A95C800A2DC39 /* SUIAlbumMD.m */,
				6DE5158F1B4E2C0300032191 /* SUITrackVC.h */,
				6DE515901B4E2C0300032191 /* SUITrackVC.m */,
				6DE515921B4E2C1A00032191 /* SUITrackCell.h */,
				6DE515931B4E2C1A00032191 /* SUITrackCell.m */,
				6D44D9121B53588C0067E225 /* SUIMediaMD.h */,
				6D44D9131B53588C0067E225 /* SUIMediaMD.m */,
				6D44D90F1B53588B0067E225 /* SUITrackMD.h */,
				6D44D9101B53588B0067E225 /* SUITrackMD.m */,
			);
			path = Demo;
			sourceTree = "<group>";
		};
		6D9D5AE71B4535B900B285DE /* SUIToolKit */ = {
			isa = PBXGroup;
			children = (
				6D9D5AE81B4535B900B285DE /* Category */,
				6D9D5AED1B4535B900B285DE /* SUIBase */,
			);
			path = SUIToolKit;
			sourceTree = "<group>";
		};
		6D9D5AE81B4535B900B285DE /* Category */ = {
			isa = PBXGroup;
			children = (
				6D9D5AE91B4535B900B285DE /* UIView+SUIExt.h */,
				6D9D5AEA1B4535B900B285DE /* UIView+SUIExt.m */,
				6D9D5AEB1B4535B900B285DE /* UIViewController+SUIExt.h */,
				6D9D5AEC1B4535B900B285DE /* UIViewController+SUIExt.m */,
			);
			path = Category;
			sourceTree = "<group>";
		};
		6D9D5AED1B4535B900B285DE /* SUIBase */ = {
			isa = PBXGroup;
			children = (
				6D9D5AEE1B4535B900B285DE /* SUIBaseCell.h */,
				6D9D5AEF1B4535B900B285DE /* SUIBaseCell.m */,
				6D9D5AF01B4535B900B285DE /* SUIBaseConfig.h */,
				6D9D5AF11B4535B900B285DE /* SUIBaseConfig.m */,
				6D9D5AF21B4535B900B285DE /* SUIBaseProtocol.h */,
				6D9D5AF31B4535B900B285DE /* SUIBasePushSegue.h */,
				6D9D5AF41B4535B900B285DE /* SUIBasePushSegue.m */,
				6D9D5AF51B4535B900B285DE /* SUIBaseTVC.h */,
				6D9D5AF61B4535B900B285DE /* SUIBaseTVC.m */,
				6D9D5AF71B4535B900B285DE /* SUIBaseVC.h */,
				6D9D5AF81B4535B900B285DE /* SUIBaseVC.m */,
				6D9D5AF91B4535B900B285DE /* SUIBaseView.h */,
				6D9D5AFA1B4535B900B285DE /* SUIBaseView.m */,
				6D9D5AFB1B4535B900B285DE /* SUIDataSource.h */,
				6D9D5AFC1B4535B900B285DE /* SUIDataSource.m */,
				6D9D5AFD1B4535B900B285DE /* SUIHttpClient.h */,
				6D9D5AFE1B4535B900B285DE /* SUIHttpClient.m */,
				6D9D5AFF1B4535B900B285DE /* SUIToolKit.h */,
				6D9D5B001B4535B900B285DE /* SUIToolKitConst.h */,
			);
			path = SUIBase;
			sourceTree = "<group>";
		};
		6DA091C31B3A46AC00DA06A3 = {
			isa = PBXGroup;
			children = (
				6DA091CE1B3A46AC00DA06A3 /* SUIToolKitDemo */,
				6DA091E81B3A46AD00DA06A3 /* SUIToolKitDemoTests */,
				6DA091CD1B3A46AC00DA06A3 /* Products */,
				D7F86692F84B7C6BE1065471 /* Pods */,
				742B1A476092A04C3208EF19 /* Frameworks */,
			);
			sourceTree = "<group>";
		};
		6DA091CD1B3A46AC00DA06A3 /* Products */ = {
			isa = PBXGroup;
			children = (
				6DA091CC1B3A46AC00DA06A3 /* SUIToolKitDemo.app */,
				6DA091E51B3A46AD00DA06A3 /* SUIToolKitDemoTests.xctest */,
			);
			name = Products;
			sourceTree = "<group>";
		};
		6DA091CE1B3A46AC00DA06A3 /* SUIToolKitDemo */ = {
			isa = PBXGroup;
			children = (
				6D9D5AE71B4535B900B285DE /* SUIToolKit */,
				6D9D5AD51B4535A900B285DE /* Demo */,
				6DA091D91B3A46AC00DA06A3 /* Main.storyboard */,
				6DEF082E1B4FAAD700F4FBF6 /* SUIToolKitDemo.xcdatamodeld */,
				6DA091DC1B3A46AC00DA06A3 /* Images.xcassets */,
				6DA091F51B3A48A500DA06A3 /* Others */,
				6DA091CF1B3A46AC00DA06A3 /* Supporting Files */,
			);
			path = SUIToolKitDemo;
			sourceTree = "<group>";
		};
		6DA091CF1B3A46AC00DA06A3 /* Supporting Files */ = {
			isa = PBXGroup;
			children = (
				6DA091D01B3A46AC00DA06A3 /* Info.plist */,
				6DA091D11B3A46AC00DA06A3 /* main.m */,
			);
			name = "Supporting Files";
			sourceTree = "<group>";
		};
		6DA091E81B3A46AD00DA06A3 /* SUIToolKitDemoTests */ = {
			isa = PBXGroup;
			children = (
				6DA091EB1B3A46AD00DA06A3 /* SUIToolKitDemoTests.m */,
				6DA091E91B3A46AD00DA06A3 /* Supporting Files */,
			);
			path = SUIToolKitDemoTests;
			sourceTree = "<group>";
		};
		6DA091E91B3A46AD00DA06A3 /* Supporting Files */ = {
			isa = PBXGroup;
			children = (
				6DA091EA1B3A46AD00DA06A3 /* Info.plist */,
			);
			name = "Supporting Files";
			sourceTree = "<group>";
		};
		6DA091F51B3A48A500DA06A3 /* Others */ = {
			isa = PBXGroup;
			children = (
				6DA091F61B3A48C800DA06A3 /* AppDelegate.h */,
				6DA091F71B3A48C800DA06A3 /* AppDelegate.m */,
				6DA091F91B3A48F100DA06A3 /* PrefixHeader.pch */,
			);
			path = Others;
			sourceTree = "<group>";
		};
		742B1A476092A04C3208EF19 /* Frameworks */ = {
			isa = PBXGroup;
			children = (
				3FA561482F072FF6D556247C /* libPods.a */,
			);
			name = Frameworks;
			sourceTree = "<group>";
		};
		D7F86692F84B7C6BE1065471 /* Pods */ = {
			isa = PBXGroup;
			children = (
				D3496D95BBB25B52F3635459 /* Pods.debug.xcconfig */,
				0020EA114C7BFEDDB6D76CAF /* Pods.release.xcconfig */,
			);
			name = Pods;
			sourceTree = "<group>";
		};
/* End PBXGroup section */

/* Begin PBXNativeTarget section */
		6DA091CB1B3A46AC00DA06A3 /* SUIToolKitDemo */ = {
			isa = PBXNativeTarget;
			buildConfigurationList = 6DA091EF1B3A46AD00DA06A3 /* Build configuration list for PBXNativeTarget "SUIToolKitDemo" */;
			buildPhases = (
				8EF5DBB6912E554047957CC1 /* Check Pods Manifest.lock */,
				6DA091C81B3A46AC00DA06A3 /* Sources */,
				6DA091C91B3A46AC00DA06A3 /* Frameworks */,
				6DA091CA1B3A46AC00DA06A3 /* Resources */,
				327FCE3CBC7EC8116C15EEE2 /* Copy Pods Resources */,
			);
			buildRules = (
			);
			dependencies = (
			);
			name = SUIToolKitDemo;
			productName = SUIToolKitDemo;
			productReference = 6DA091CC1B3A46AC00DA06A3 /* SUIToolKitDemo.app */;
			productType = "com.apple.product-type.application";
		};
		6DA091E41B3A46AD00DA06A3 /* SUIToolKitDemoTests */ = {
			isa = PBXNativeTarget;
			buildConfigurationList = 6DA091F21B3A46AD00DA06A3 /* Build configuration list for PBXNativeTarget "SUIToolKitDemoTests" */;
			buildPhases = (
				6DA091E11B3A46AD00DA06A3 /* Sources */,
				6DA091E21B3A46AD00DA06A3 /* Frameworks */,
				6DA091E31B3A46AD00DA06A3 /* Resources */,
			);
			buildRules = (
			);
			dependencies = (
				6DA091E71B3A46AD00DA06A3 /* PBXTargetDependency */,
			);
			name = SUIToolKitDemoTests;
			productName = SUIToolKitDemoTests;
			productReference = 6DA091E51B3A46AD00DA06A3 /* SUIToolKitDemoTests.xctest */;
			productType = "com.apple.product-type.bundle.unit-test";
		};
/* End PBXNativeTarget section */

/* Begin PBXProject section */
		6DA091C41B3A46AC00DA06A3 /* Project object */ = {
			isa = PBXProject;
			attributes = {
				LastUpgradeCheck = 0630;
				ORGANIZATIONNAME = "SUIO~";
				TargetAttributes = {
					6DA091CB1B3A46AC00DA06A3 = {
						CreatedOnToolsVersion = 6.3;
					};
					6DA091E41B3A46AD00DA06A3 = {
						CreatedOnToolsVersion = 6.3;
						TestTargetID = 6DA091CB1B3A46AC00DA06A3;
					};
				};
			};
			buildConfigurationList = 6DA091C71B3A46AC00DA06A3 /* Build configuration list for PBXProject "SUIToolKitDemo" */;
			compatibilityVersion = "Xcode 3.2";
			developmentRegion = English;
			hasScannedForEncodings = 0;
			knownRegions = (
				en,
				Base,
			);
			mainGroup = 6DA091C31B3A46AC00DA06A3;
			productRefGroup = 6DA091CD1B3A46AC00DA06A3 /* Products */;
			projectDirPath = "";
			projectRoot = "";
			targets = (
				6DA091CB1B3A46AC00DA06A3 /* SUIToolKitDemo */,
				6DA091E41B3A46AD00DA06A3 /* SUIToolKitDemoTests */,
			);
		};
/* End PBXProject section */

/* Begin PBXResourcesBuildPhase section */
		6DA091CA1B3A46AC00DA06A3 /* Resources */ = {
			isa = PBXResourcesBuildPhase;
			buildActionMask = 2147483647;
			files = (
				6DA091DB1B3A46AC00DA06A3 /* Main.storyboard in Resources */,
				6DA091DD1B3A46AC00DA06A3 /* Images.xcassets in Resources */,
			);
			runOnlyForDeploymentPostprocessing = 0;
		};
		6DA091E31B3A46AD00DA06A3 /* Resources */ = {
			isa = PBXResourcesBuildPhase;
			buildActionMask = 2147483647;
			files = (
			);
			runOnlyForDeploymentPostprocessing = 0;
		};
/* End PBXResourcesBuildPhase section */

/* Begin PBXShellScriptBuildPhase section */
		327FCE3CBC7EC8116C15EEE2 /* Copy Pods Resources */ = {
			isa = PBXShellScriptBuildPhase;
			buildActionMask = 2147483647;
			files = (
			);
			inputPaths = (
			);
			name = "Copy Pods Resources";
			outputPaths = (
			);
			runOnlyForDeploymentPostprocessing = 0;
			shellPath = /bin/sh;
			shellScript = "\"${SRCROOT}/Pods/Target Support Files/Pods/Pods-resources.sh\"\n";
			showEnvVarsInLog = 0;
		};
		8EF5DBB6912E554047957CC1 /* Check Pods Manifest.lock */ = {
			isa = PBXShellScriptBuildPhase;
			buildActionMask = 2147483647;
			files = (
			);
			inputPaths = (
			);
			name = "Check Pods Manifest.lock";
			outputPaths = (
			);
			runOnlyForDeploymentPostprocessing = 0;
			shellPath = /bin/sh;
			shellScript = "diff \"${PODS_ROOT}/../Podfile.lock\" \"${PODS_ROOT}/Manifest.lock\" > /dev/null\nif [[ $? != 0 ]] ; then\n    cat << EOM\nerror: The sandbox is not in sync with the Podfile.lock. Run 'pod install' or update your CocoaPods installation.\nEOM\n    exit 1\nfi\n";
			showEnvVarsInLog = 0;
		};
/* End PBXShellScriptBuildPhase section */

/* Begin PBXSourcesBuildPhase section */
		6DA091C81B3A46AC00DA06A3 /* Sources */ = {
			isa = PBXSourcesBuildPhase;
			buildActionMask = 2147483647;
			files = (
				6D9D5B021B4535B900B285DE /* UIViewController+SUIExt.m in Sources */,
				6D9D5B011B4535B900B285DE /* UIView+SUIExt.m in Sources */,
				6D44D9111B53588B0067E225 /* SUITrackMD.m in Sources */,
				6D9D5B061B4535B900B285DE /* SUIBaseTVC.m in Sources */,
				6DCC7E051B4D190400EE8E5B /* SUIAlbumCell.m in Sources */,
				6D1F1E0D1B4A9A4E00A2DC39 /* SUIMainTVC.m in Sources */,
				6DCC7E021B4D188B00EE8E5B /* SUIAlbumVC.m in Sources */,
				6D9D5B031B4535B900B285DE /* SUIBaseCell.m in Sources */,
				6D9D5B091B4535B900B285DE /* SUIDataSource.m in Sources */,
				6D9D5B0A1B4535B900B285DE /* SUIHttpClient.m in Sources */,
				6D9D5B051B4535B900B285DE /* SUIBasePushSegue.m in Sources */,
				6DE515941B4E2C1A00032191 /* SUITrackCell.m in Sources */,
				6D9D5B041B4535B900B285DE /* SUIBaseConfig.m in Sources */,
				6D44D9141B53588C0067E225 /* SUIMediaMD.m in Sources */,
				6D9D5B081B4535B900B285DE /* SUIBaseView.m in Sources */,
				6DA091D21B3A46AC00DA06A3 /* main.m in Sources */,
				6D1F1E0A1B4A95C800A2DC39 /* SUIAlbumMD.m in Sources */,
				6D9D5B071B4535B900B285DE /* SUIBaseVC.m in Sources */,
				6DEF08301B4FAAD700F4FBF6 /* SUIToolKitDemo.xcdatamodeld in Sources */,
				6DE515911B4E2C0300032191 /* SUITrackVC.m in Sources */,
				6DA091F81B3A48C800DA06A3 /* AppDelegate.m in Sources */,
			);
			runOnlyForDeploymentPostprocessing = 0;
		};
		6DA091E11B3A46AD00DA06A3 /* Sources */ = {
			isa = PBXSourcesBuildPhase;
			buildActionMask = 2147483647;
			files = (
				6DA091EC1B3A46AD00DA06A3 /* SUIToolKitDemoTests.m in Sources */,
			);
			runOnlyForDeploymentPostprocessing = 0;
		};
/* End PBXSourcesBuildPhase section */

/* Begin PBXTargetDependency section */
		6DA091E71B3A46AD00DA06A3 /* PBXTargetDependency */ = {
			isa = PBXTargetDependency;
			target = 6DA091CB1B3A46AC00DA06A3 /* SUIToolKitDemo */;
			targetProxy = 6DA091E61B3A46AD00DA06A3 /* PBXContainerItemProxy */;
		};
/* End PBXTargetDependency section */

/* Begin PBXVariantGroup section */
		6DA091D91B3A46AC00DA06A3 /* Main.storyboard */ = {
			isa = PBXVariantGroup;
			children = (
				6DA091DA1B3A46AC00DA06A3 /* Base */,
			);
			name = Main.storyboard;
			sourceTree = "<group>";
		};
/* End PBXVariantGroup section */

/* Begin XCBuildConfiguration section */
		6DA091ED1B3A46AD00DA06A3 /* Debug */ = {
			isa = XCBuildConfiguration;
			buildSettings = {
				ALWAYS_SEARCH_USER_PATHS = NO;
				CLANG_CXX_LANGUAGE_STANDARD = "gnu++0x";
				CLANG_CXX_LIBRARY = "libc++";
				CLANG_ENABLE_MODULES = YES;
				CLANG_ENABLE_OBJC_ARC = YES;
				CLANG_WARN_BOOL_CONVERSION = YES;
				CLANG_WARN_CONSTANT_CONVERSION = YES;
				CLANG_WARN_DIRECT_OBJC_ISA_USAGE = YES_ERROR;
				CLANG_WARN_EMPTY_BODY = YES;
				CLANG_WARN_ENUM_CONVERSION = YES;
				CLANG_WARN_INT_CONVERSION = YES;
				CLANG_WARN_OBJC_ROOT_CLASS = YES_ERROR;
				CLANG_WARN_UNREACHABLE_CODE = YES;
				CLANG_WARN__DUPLICATE_METHOD_MATCH = YES;
				"CODE_SIGN_IDENTITY[sdk=iphoneos*]" = "iPhone Developer";
				COPY_PHASE_STRIP = NO;
				DEBUG_INFORMATION_FORMAT = "dwarf-with-dsym";
				ENABLE_STRICT_OBJC_MSGSEND = YES;
				GCC_C_LANGUAGE_STANDARD = gnu99;
				GCC_DYNAMIC_NO_PIC = NO;
				GCC_NO_COMMON_BLOCKS = YES;
				GCC_OPTIMIZATION_LEVEL = 0;
				GCC_PREPROCESSOR_DEFINITIONS = (
					"DEBUG=1",
					"$(inherited)",
				);
				GCC_SYMBOLS_PRIVATE_EXTERN = NO;
				GCC_WARN_64_TO_32_BIT_CONVERSION = YES;
				GCC_WARN_ABOUT_RETURN_TYPE = YES_ERROR;
				GCC_WARN_UNDECLARED_SELECTOR = YES;
				GCC_WARN_UNINITIALIZED_AUTOS = YES_AGGRESSIVE;
				GCC_WARN_UNUSED_FUNCTION = YES;
				GCC_WARN_UNUSED_VARIABLE = YES;
				IPHONEOS_DEPLOYMENT_TARGET = 8.3;
				MTL_ENABLE_DEBUG_INFO = YES;
				ONLY_ACTIVE_ARCH = YES;
				SDKROOT = iphoneos;
			};
			name = Debug;
		};
		6DA091EE1B3A46AD00DA06A3 /* Release */ = {
			isa = XCBuildConfiguration;
			buildSettings = {
				ALWAYS_SEARCH_USER_PATHS = NO;
				CLANG_CXX_LANGUAGE_STANDARD = "gnu++0x";
				CLANG_CXX_LIBRARY = "libc++";
				CLANG_ENABLE_MODULES = YES;
				CLANG_ENABLE_OBJC_ARC = YES;
				CLANG_WARN_BOOL_CONVERSION = YES;
				CLANG_WARN_CONSTANT_CONVERSION = YES;
				CLANG_WARN_DIRECT_OBJC_ISA_USAGE = YES_ERROR;
				CLANG_WARN_EMPTY_BODY = YES;
				CLANG_WARN_ENUM_CONVERSION = YES;
				CLANG_WARN_INT_CONVERSION = YES;
				CLANG_WARN_OBJC_ROOT_CLASS = YES_ERROR;
				CLANG_WARN_UNREACHABLE_CODE = YES;
				CLANG_WARN__DUPLICATE_METHOD_MATCH = YES;
				"CODE_SIGN_IDENTITY[sdk=iphoneos*]" = "iPhone Developer";
				COPY_PHASE_STRIP = NO;
				DEBUG_INFORMATION_FORMAT = "dwarf-with-dsym";
				ENABLE_NS_ASSERTIONS = NO;
				ENABLE_STRICT_OBJC_MSGSEND = YES;
				GCC_C_LANGUAGE_STANDARD = gnu99;
				GCC_NO_COMMON_BLOCKS = YES;
				GCC_WARN_64_TO_32_BIT_CONVERSION = YES;
				GCC_WARN_ABOUT_RETURN_TYPE = YES_ERROR;
				GCC_WARN_UNDECLARED_SELECTOR = YES;
				GCC_WARN_UNINITIALIZED_AUTOS = YES_AGGRESSIVE;
				GCC_WARN_UNUSED_FUNCTION = YES;
				GCC_WARN_UNUSED_VARIABLE = YES;
				IPHONEOS_DEPLOYMENT_TARGET = 8.3;
				MTL_ENABLE_DEBUG_INFO = NO;
				SDKROOT = iphoneos;
				VALIDATE_PRODUCT = YES;
			};
			name = Release;
		};
		6DA091F01B3A46AD00DA06A3 /* Debug */ = {
			isa = XCBuildConfiguration;
			baseConfigurationReference = D3496D95BBB25B52F3635459 /* Pods.debug.xcconfig */;
			buildSettings = {
				ASSETCATALOG_COMPILER_APPICON_NAME = AppIcon;
				ASSETCATALOG_COMPILER_LAUNCHIMAGE_NAME = LaunchImage;
				GCC_PREFIX_HEADER = "$(PROJECT_DIR)/$(PROJECT_NAME)/Others/PrefixHeader.pch";
				INFOPLIST_FILE = SUIToolKitDemo/Info.plist;
				IPHONEOS_DEPLOYMENT_TARGET = 7.1;
				LD_RUNPATH_SEARCH_PATHS = "$(inherited) @executable_path/Frameworks";
				PRODUCT_NAME = "$(TARGET_NAME)";
			};
			name = Debug;
		};
		6DA091F11B3A46AD00DA06A3 /* Release */ = {
			isa = XCBuildConfiguration;
			baseConfigurationReference = 0020EA114C7BFEDDB6D76CAF /* Pods.release.xcconfig */;
			buildSettings = {
				ASSETCATALOG_COMPILER_APPICON_NAME = AppIcon;
				ASSETCATALOG_COMPILER_LAUNCHIMAGE_NAME = LaunchImage;
				GCC_PREFIX_HEADER = "$(PROJECT_DIR)/$(PROJECT_NAME)/Others/PrefixHeader.pch";
				INFOPLIST_FILE = SUIToolKitDemo/Info.plist;
				IPHONEOS_DEPLOYMENT_TARGET = 7.1;
				LD_RUNPATH_SEARCH_PATHS = "$(inherited) @executable_path/Frameworks";
				PRODUCT_NAME = "$(TARGET_NAME)";
			};
			name = Release;
		};
		6DA091F31B3A46AD00DA06A3 /* Debug */ = {
			isa = XCBuildConfiguration;
			buildSettings = {
				BUNDLE_LOADER = "$(TEST_HOST)";
				FRAMEWORK_SEARCH_PATHS = (
					"$(SDKROOT)/Developer/Library/Frameworks",
					"$(inherited)",
				);
				GCC_PREPROCESSOR_DEFINITIONS = (
					"DEBUG=1",
					"$(inherited)",
				);
				INFOPLIST_FILE = SUIToolKitDemoTests/Info.plist;
				LD_RUNPATH_SEARCH_PATHS = "$(inherited) @executable_path/Frameworks @loader_path/Frameworks";
				PRODUCT_NAME = "$(TARGET_NAME)";
				TEST_HOST = "$(BUILT_PRODUCTS_DIR)/SUIToolKitDemo.app/SUIToolKitDemo";
			};
			name = Debug;
		};
		6DA091F41B3A46AD00DA06A3 /* Release */ = {
			isa = XCBuildConfiguration;
			buildSettings = {
				BUNDLE_LOADER = "$(TEST_HOST)";
				FRAMEWORK_SEARCH_PATHS = (
					"$(SDKROOT)/Developer/Library/Frameworks",
					"$(inherited)",
				);
				INFOPLIST_FILE = SUIToolKitDemoTests/Info.plist;
				LD_RUNPATH_SEARCH_PATHS = "$(inherited) @executable_path/Frameworks @loader_path/Frameworks";
				PRODUCT_NAME = "$(TARGET_NAME)";
				TEST_HOST = "$(BUILT_PRODUCTS_DIR)/SUIToolKitDemo.app/SUIToolKitDemo";
			};
			name = Release;
		};
/* End XCBuildConfiguration section */

/* Begin XCConfigurationList section */
		6DA091C71B3A46AC00DA06A3 /* Build configuration list for PBXProject "SUIToolKitDemo" */ = {
			isa = XCConfigurationList;
			buildConfigurations = (
				6DA091ED1B3A46AD00DA06A3 /* Debug */,
				6DA091EE1B3A46AD00DA06A3 /* Release */,
			);
			defaultConfigurationIsVisible = 0;
			defaultConfigurationName = Release;
		};
		6DA091EF1B3A46AD00DA06A3 /* Build configuration list for PBXNativeTarget "SUIToolKitDemo" */ = {
			isa = XCConfigurationList;
			buildConfigurations = (
				6DA091F01B3A46AD00DA06A3 /* Debug */,
				6DA091F11B3A46AD00DA06A3 /* Release */,
			);
			defaultConfigurationIsVisible = 0;
			defaultConfigurationName = Release;
		};
		6DA091F21B3A46AD00DA06A3 /* Build configuration list for PBXNativeTarget "SUIToolKitDemoTests" */ = {
			isa = XCConfigurationList;
			buildConfigurations = (
				6DA091F31B3A46AD00DA06A3 /* Debug */,
				6DA091F41B3A46AD00DA06A3 /* Release */,
			);
			defaultConfigurationIsVisible = 0;
			defaultConfigurationName = Release;
		};
/* End XCConfigurationList section */

/* Begin XCVersionGroup section */
		6DEF082E1B4FAAD700F4FBF6 /* SUIToolKitDemo.xcdatamodeld */ = {
			isa = XCVersionGroup;
			children = (
				6DEF082F1B4FAAD700F4FBF6 /* SUIToolKitDemo.xcdatamodel */,
			);
			currentVersion = 6DEF082F1B4FAAD700F4FBF6 /* SUIToolKitDemo.xcdatamodel */;
			path = SUIToolKitDemo.xcdatamodeld;
			sourceTree = "<group>";
			versionGroupType = wrapper.xcdatamodel;
		};
/* End XCVersionGroup section */
	};
	rootObject = 6DA091C41B3A46AC00DA06A3 /* Project object */;
}
