// !$*UTF8*$!
{
	archiveVersion = 1;
	classes = {
	};
	objectVersion = 46;
	objects = {

/* Begin PBXBuildFile section */
		28E76DCB52269C8376DB87FD /* libPods.a in Frameworks */ = {isa = PBXBuildFile; fileRef = 3FA561482F072FF6D556247C /* libPods.a */; };
		6D43F8461C290A1300BA648B /* SUIDBHelper.m in Sources */ = {isa = PBXBuildFile; fileRef = 6D43F8451C290A1300BA648B /* SUIDBHelper.m */; settings = {ASSET_TAGS = (); }; };
		6D43F8601C29162900BA648B /* SUIDBEntity.m in Sources */ = {isa = PBXBuildFile; fileRef = 6D43F85F1C29162900BA648B /* SUIDBEntity.m */; settings = {ASSET_TAGS = (); }; };
		6D6A96071C3B865E003D2015 /* SUIToolbar.storyboard in Resources */ = {isa = PBXBuildFile; fileRef = 6D6A96041C3B865E003D2015 /* SUIToolbar.storyboard */; settings = {ASSET_TAGS = (); }; };
		6D6A96081C3B865E003D2015 /* SUIToolbarVC.m in Sources */ = {isa = PBXBuildFile; fileRef = 6D6A96061C3B865E003D2015 /* SUIToolbarVC.m */; settings = {ASSET_TAGS = (); }; };
		6D6A960F1C3B86CF003D2015 /* SUIViewController.storyboard in Resources */ = {isa = PBXBuildFile; fileRef = 6D6A960A1C3B86CF003D2015 /* SUIViewController.storyboard */; settings = {ASSET_TAGS = (); }; };
		6D6A96101C3B86CF003D2015 /* SUIViewControllerRootVC.m in Sources */ = {isa = PBXBuildFile; fileRef = 6D6A960C1C3B86CF003D2015 /* SUIViewControllerRootVC.m */; settings = {ASSET_TAGS = (); }; };
		6D6A96111C3B86CF003D2015 /* SUIViewControllerSecondVC.m in Sources */ = {isa = PBXBuildFile; fileRef = 6D6A960E1C3B86CF003D2015 /* SUIViewControllerSecondVC.m */; settings = {ASSET_TAGS = (); }; };
		6D6A96141C3B8BF4003D2015 /* UITableViewCell+SUIMVVM.m in Sources */ = {isa = PBXBuildFile; fileRef = 6D6A96131C3B8BF4003D2015 /* UITableViewCell+SUIMVVM.m */; settings = {ASSET_TAGS = (); }; };
		6D6A96171C3B8C90003D2015 /* UITableView+SUIMVVM.m in Sources */ = {isa = PBXBuildFile; fileRef = 6D6A96161C3B8C90003D2015 /* UITableView+SUIMVVM.m */; settings = {ASSET_TAGS = (); }; };
		6D6A961B1C3B91F2003D2015 /* SUIToolbar.m in Sources */ = {isa = PBXBuildFile; fileRef = 6D6A961A1C3B91F2003D2015 /* SUIToolbar.m */; settings = {ASSET_TAGS = (); }; };
		6D7559781C2408E700085A53 /* SUIViewModel.m in Sources */ = {isa = PBXBuildFile; fileRef = 6D7559731C2408E700085A53 /* SUIViewModel.m */; settings = {ASSET_TAGS = (); }; };
		6D75597A1C2408E700085A53 /* UIViewController+SUIMVVM.m in Sources */ = {isa = PBXBuildFile; fileRef = 6D7559771C2408E700085A53 /* UIViewController+SUIMVVM.m */; settings = {ASSET_TAGS = (); }; };
		6DA091D21B3A46AC00DA06A3 /* main.m in Sources */ = {isa = PBXBuildFile; fileRef = 6DA091D11B3A46AC00DA06A3 /* main.m */; };
		6DA091DB1B3A46AC00DA06A3 /* Main.storyboard in Resources */ = {isa = PBXBuildFile; fileRef = 6DA091D91B3A46AC00DA06A3 /* Main.storyboard */; };
		6DA091DD1B3A46AC00DA06A3 /* Images.xcassets in Resources */ = {isa = PBXBuildFile; fileRef = 6DA091DC1B3A46AC00DA06A3 /* Images.xcassets */; };
		6DA091F81B3A48C800DA06A3 /* AppDelegate.m in Sources */ = {isa = PBXBuildFile; fileRef = 6DA091F71B3A48C800DA06A3 /* AppDelegate.m */; };
		6DB3491C1BA81BEB003A72DF /* UIKit.framework in Frameworks */ = {isa = PBXBuildFile; fileRef = 6DB3491B1BA81BEB003A72DF /* UIKit.framework */; };
		6DB3491E1BA81BF2003A72DF /* Foundation.framework in Frameworks */ = {isa = PBXBuildFile; fileRef = 6DB3491D1BA81BF2003A72DF /* Foundation.framework */; };
		6DB349201BA81BF7003A72DF /* QuartzCore.framework in Frameworks */ = {isa = PBXBuildFile; fileRef = 6DB3491F1BA81BF7003A72DF /* QuartzCore.framework */; };
		6DB513241C2AA7400012021D /* SUIDBHelperDemo.storyboard in Resources */ = {isa = PBXBuildFile; fileRef = 6DB513231C2AA7400012021D /* SUIDBHelperDemo.storyboard */; settings = {ASSET_TAGS = (); }; };
		6DB513281C2AA7C20012021D /* SUIAlbumMD.m in Sources */ = {isa = PBXBuildFile; fileRef = 6DB513271C2AA7C20012021D /* SUIAlbumMD.m */; settings = {ASSET_TAGS = (); }; };
		6DB513301C2AAA170012021D /* XXXDBHelperRootViewController.m in Sources */ = {isa = PBXBuildFile; fileRef = 6DB5132F1C2AAA170012021D /* XXXDBHelperRootViewController.m */; settings = {ASSET_TAGS = (); }; };
		6DB513331C2AAAB60012021D /* AAADBHelperRootViewModel.m in Sources */ = {isa = PBXBuildFile; fileRef = 6DB513321C2AAAB60012021D /* AAADBHelperRootViewModel.m */; settings = {ASSET_TAGS = (); }; };
		6DB5133B1C2AB0BE0012021D /* SUIMVVMDemo.storyboard in Resources */ = {isa = PBXBuildFile; fileRef = 6DB5133A1C2AB0BE0012021D /* SUIMVVMDemo.storyboard */; settings = {ASSET_TAGS = (); }; };
		6DB5133E1C2AB11B0012021D /* SUIMVVMRootVC.m in Sources */ = {isa = PBXBuildFile; fileRef = 6DB5133D1C2AB11B0012021D /* SUIMVVMRootVC.m */; settings = {ASSET_TAGS = (); }; };
		6DB513411C2AB13B0012021D /* SUIMVVMRootVM.m in Sources */ = {isa = PBXBuildFile; fileRef = 6DB513401C2AB13B0012021D /* SUIMVVMRootVM.m */; settings = {ASSET_TAGS = (); }; };
		6DB513441C2AB2550012021D /* SUIMVVMSecondVM.m in Sources */ = {isa = PBXBuildFile; fileRef = 6DB513431C2AB2550012021D /* SUIMVVMSecondVM.m */; settings = {ASSET_TAGS = (); }; };
		6DB513471C2AB2710012021D /* SUIMVVMSecondVC.m in Sources */ = {isa = PBXBuildFile; fileRef = 6DB513461C2AB2710012021D /* SUIMVVMSecondVC.m */; settings = {ASSET_TAGS = (); }; };
		6DB5134A1C2AB8350012021D /* SUIMVVMRootCell.m in Sources */ = {isa = PBXBuildFile; fileRef = 6DB513491C2AB8350012021D /* SUIMVVMRootCell.m */; settings = {ASSET_TAGS = (); }; };
/* End PBXBuildFile section */

/* Begin PBXFileReference section */
		0020EA114C7BFEDDB6D76CAF /* Pods.release.xcconfig */ = {isa = PBXFileReference; includeInIndex = 1; lastKnownFileType = text.xcconfig; name = Pods.release.xcconfig; path = "Pods/Target Support Files/Pods/Pods.release.xcconfig"; sourceTree = "<group>"; };
		3FA561482F072FF6D556247C /* libPods.a */ = {isa = PBXFileReference; explicitFileType = archive.ar; includeInIndex = 0; path = libPods.a; sourceTree = BUILT_PRODUCTS_DIR; };
		6D43F8441C290A1300BA648B /* SUIDBHelper.h */ = {isa = PBXFileReference; fileEncoding = 4; lastKnownFileType = sourcecode.c.h; path = SUIDBHelper.h; sourceTree = "<group>"; };
		6D43F8451C290A1300BA648B /* SUIDBHelper.m */ = {isa = PBXFileReference; fileEncoding = 4; lastKnownFileType = sourcecode.c.objc; path = SUIDBHelper.m; sourceTree = "<group>"; };
		6D43F85E1C29162900BA648B /* SUIDBEntity.h */ = {isa = PBXFileReference; fileEncoding = 4; lastKnownFileType = sourcecode.c.h; path = SUIDBEntity.h; sourceTree = "<group>"; };
		6D43F85F1C29162900BA648B /* SUIDBEntity.m */ = {isa = PBXFileReference; fileEncoding = 4; lastKnownFileType = sourcecode.c.objc; path = SUIDBEntity.m; sourceTree = "<group>"; };
		6D6A96041C3B865E003D2015 /* SUIToolbar.storyboard */ = {isa = PBXFileReference; fileEncoding = 4; lastKnownFileType = file.storyboard; path = SUIToolbar.storyboard; sourceTree = "<group>"; };
		6D6A96051C3B865E003D2015 /* SUIToolbarVC.h */ = {isa = PBXFileReference; fileEncoding = 4; lastKnownFileType = sourcecode.c.h; path = SUIToolbarVC.h; sourceTree = "<group>"; };
		6D6A96061C3B865E003D2015 /* SUIToolbarVC.m */ = {isa = PBXFileReference; fileEncoding = 4; lastKnownFileType = sourcecode.c.objc; path = SUIToolbarVC.m; sourceTree = "<group>"; };
		6D6A960A1C3B86CF003D2015 /* SUIViewController.storyboard */ = {isa = PBXFileReference; fileEncoding = 4; lastKnownFileType = file.storyboard; path = SUIViewController.storyboard; sourceTree = "<group>"; };
		6D6A960B1C3B86CF003D2015 /* SUIViewControllerRootVC.h */ = {isa = PBXFileReference; fileEncoding = 4; lastKnownFileType = sourcecode.c.h; path = SUIViewControllerRootVC.h; sourceTree = "<group>"; };
		6D6A960C1C3B86CF003D2015 /* SUIViewControllerRootVC.m */ = {isa = PBXFileReference; fileEncoding = 4; lastKnownFileType = sourcecode.c.objc; path = SUIViewControllerRootVC.m; sourceTree = "<group>"; };
		6D6A960D1C3B86CF003D2015 /* SUIViewControllerSecondVC.h */ = {isa = PBXFileReference; fileEncoding = 4; lastKnownFileType = sourcecode.c.h; path = SUIViewControllerSecondVC.h; sourceTree = "<group>"; };
		6D6A960E1C3B86CF003D2015 /* SUIViewControllerSecondVC.m */ = {isa = PBXFileReference; fileEncoding = 4; lastKnownFileType = sourcecode.c.objc; path = SUIViewControllerSecondVC.m; sourceTree = "<group>"; };
		6D6A96121C3B8BF4003D2015 /* UITableViewCell+SUIMVVM.h */ = {isa = PBXFileReference; fileEncoding = 4; lastKnownFileType = sourcecode.c.h; path = "UITableViewCell+SUIMVVM.h"; sourceTree = "<group>"; };
		6D6A96131C3B8BF4003D2015 /* UITableViewCell+SUIMVVM.m */ = {isa = PBXFileReference; fileEncoding = 4; lastKnownFileType = sourcecode.c.objc; path = "UITableViewCell+SUIMVVM.m"; sourceTree = "<group>"; };
		6D6A96151C3B8C90003D2015 /* UITableView+SUIMVVM.h */ = {isa = PBXFileReference; fileEncoding = 4; lastKnownFileType = sourcecode.c.h; path = "UITableView+SUIMVVM.h"; sourceTree = "<group>"; };
		6D6A96161C3B8C90003D2015 /* UITableView+SUIMVVM.m */ = {isa = PBXFileReference; fileEncoding = 4; lastKnownFileType = sourcecode.c.objc; path = "UITableView+SUIMVVM.m"; sourceTree = "<group>"; };
		6D6A96191C3B91F2003D2015 /* SUIToolbar.h */ = {isa = PBXFileReference; fileEncoding = 4; lastKnownFileType = sourcecode.c.h; path = SUIToolbar.h; sourceTree = "<group>"; };
		6D6A961A1C3B91F2003D2015 /* SUIToolbar.m */ = {isa = PBXFileReference; fileEncoding = 4; lastKnownFileType = sourcecode.c.objc; path = SUIToolbar.m; sourceTree = "<group>"; };
		6D75593C1C239D4800085A53 /* SUIToolKit.h */ = {isa = PBXFileReference; fileEncoding = 4; lastKnownFileType = sourcecode.c.h; path = SUIToolKit.h; sourceTree = "<group>"; };
		6D7559721C2408E700085A53 /* SUIViewModel.h */ = {isa = PBXFileReference; fileEncoding = 4; lastKnownFileType = sourcecode.c.h; path = SUIViewModel.h; sourceTree = "<group>"; };
		6D7559731C2408E700085A53 /* SUIViewModel.m */ = {isa = PBXFileReference; fileEncoding = 4; lastKnownFileType = sourcecode.c.objc; path = SUIViewModel.m; sourceTree = "<group>"; };
		6D7559761C2408E700085A53 /* UIViewController+SUIMVVM.h */ = {isa = PBXFileReference; fileEncoding = 4; lastKnownFileType = sourcecode.c.h; path = "UIViewController+SUIMVVM.h"; sourceTree = "<group>"; };
		6D7559771C2408E700085A53 /* UIViewController+SUIMVVM.m */ = {isa = PBXFileReference; fileEncoding = 4; lastKnownFileType = sourcecode.c.objc; path = "UIViewController+SUIMVVM.m"; sourceTree = "<group>"; };
		6DA091CC1B3A46AC00DA06A3 /* SUIToolKitDemo.app */ = {isa = PBXFileReference; explicitFileType = wrapper.application; includeInIndex = 0; path = SUIToolKitDemo.app; sourceTree = BUILT_PRODUCTS_DIR; };
		6DA091D01B3A46AC00DA06A3 /* Info.plist */ = {isa = PBXFileReference; lastKnownFileType = text.plist.xml; path = Info.plist; sourceTree = "<group>"; };
		6DA091D11B3A46AC00DA06A3 /* main.m */ = {isa = PBXFileReference; lastKnownFileType = sourcecode.c.objc; path = main.m; sourceTree = "<group>"; };
		6DA091DA1B3A46AC00DA06A3 /* Base */ = {isa = PBXFileReference; lastKnownFileType = file.storyboard; name = Base; path = Base.lproj/Main.storyboard; sourceTree = "<group>"; };
		6DA091DC1B3A46AC00DA06A3 /* Images.xcassets */ = {isa = PBXFileReference; lastKnownFileType = folder.assetcatalog; path = Images.xcassets; sourceTree = "<group>"; };
		6DA091EA1B3A46AD00DA06A3 /* Info.plist */ = {isa = PBXFileReference; lastKnownFileType = text.plist.xml; path = Info.plist; sourceTree = "<group>"; };
		6DA091EB1B3A46AD00DA06A3 /* SUIToolKitDemoTests.m */ = {isa = PBXFileReference; lastKnownFileType = sourcecode.c.objc; path = SUIToolKitDemoTests.m; sourceTree = "<group>"; };
		6DA091F61B3A48C800DA06A3 /* AppDelegate.h */ = {isa = PBXFileReference; fileEncoding = 4; lastKnownFileType = sourcecode.c.h; path = AppDelegate.h; sourceTree = "<group>"; };
		6DA091F71B3A48C800DA06A3 /* AppDelegate.m */ = {isa = PBXFileReference; fileEncoding = 4; lastKnownFileType = sourcecode.c.objc; path = AppDelegate.m; sourceTree = "<group>"; };
		6DA091F91B3A48F100DA06A3 /* PrefixHeader.pch */ = {isa = PBXFileReference; lastKnownFileType = sourcecode.c.h; path = PrefixHeader.pch; sourceTree = "<group>"; };
		6DB3491B1BA81BEB003A72DF /* UIKit.framework */ = {isa = PBXFileReference; lastKnownFileType = wrapper.framework; name = UIKit.framework; path = System/Library/Frameworks/UIKit.framework; sourceTree = SDKROOT; };
		6DB3491D1BA81BF2003A72DF /* Foundation.framework */ = {isa = PBXFileReference; lastKnownFileType = wrapper.framework; name = Foundation.framework; path = System/Library/Frameworks/Foundation.framework; sourceTree = SDKROOT; };
		6DB3491F1BA81BF7003A72DF /* QuartzCore.framework */ = {isa = PBXFileReference; lastKnownFileType = wrapper.framework; name = QuartzCore.framework; path = System/Library/Frameworks/QuartzCore.framework; sourceTree = SDKROOT; };
		6DB513231C2AA7400012021D /* SUIDBHelperDemo.storyboard */ = {isa = PBXFileReference; fileEncoding = 4; lastKnownFileType = file.storyboard; path = SUIDBHelperDemo.storyboard; sourceTree = "<group>"; };
		6DB513261C2AA7C20012021D /* SUIAlbumMD.h */ = {isa = PBXFileReference; fileEncoding = 4; lastKnownFileType = sourcecode.c.h; path = SUIAlbumMD.h; sourceTree = "<group>"; };
		6DB513271C2AA7C20012021D /* SUIAlbumMD.m */ = {isa = PBXFileReference; fileEncoding = 4; lastKnownFileType = sourcecode.c.objc; path = SUIAlbumMD.m; sourceTree = "<group>"; };
		6DB5132E1C2AAA170012021D /* XXXDBHelperRootViewController.h */ = {isa = PBXFileReference; fileEncoding = 4; lastKnownFileType = sourcecode.c.h; path = XXXDBHelperRootViewController.h; sourceTree = "<group>"; };
		6DB5132F1C2AAA170012021D /* XXXDBHelperRootViewController.m */ = {isa = PBXFileReference; fileEncoding = 4; lastKnownFileType = sourcecode.c.objc; path = XXXDBHelperRootViewController.m; sourceTree = "<group>"; };
		6DB513311C2AAAB60012021D /* AAADBHelperRootViewModel.h */ = {isa = PBXFileReference; fileEncoding = 4; lastKnownFileType = sourcecode.c.h; path = AAADBHelperRootViewModel.h; sourceTree = "<group>"; };
		6DB513321C2AAAB60012021D /* AAADBHelperRootViewModel.m */ = {isa = PBXFileReference; fileEncoding = 4; lastKnownFileType = sourcecode.c.objc; path = AAADBHelperRootViewModel.m; sourceTree = "<group>"; };
		6DB5133A1C2AB0BE0012021D /* SUIMVVMDemo.storyboard */ = {isa = PBXFileReference; fileEncoding = 4; lastKnownFileType = file.storyboard; path = SUIMVVMDemo.storyboard; sourceTree = "<group>"; };
		6DB5133C1C2AB11B0012021D /* SUIMVVMRootVC.h */ = {isa = PBXFileReference; fileEncoding = 4; lastKnownFileType = sourcecode.c.h; path = SUIMVVMRootVC.h; sourceTree = "<group>"; };
		6DB5133D1C2AB11B0012021D /* SUIMVVMRootVC.m */ = {isa = PBXFileReference; fileEncoding = 4; lastKnownFileType = sourcecode.c.objc; path = SUIMVVMRootVC.m; sourceTree = "<group>"; };
		6DB5133F1C2AB13B0012021D /* SUIMVVMRootVM.h */ = {isa = PBXFileReference; fileEncoding = 4; lastKnownFileType = sourcecode.c.h; path = SUIMVVMRootVM.h; sourceTree = "<group>"; };
		6DB513401C2AB13B0012021D /* SUIMVVMRootVM.m */ = {isa = PBXFileReference; fileEncoding = 4; lastKnownFileType = sourcecode.c.objc; path = SUIMVVMRootVM.m; sourceTree = "<group>"; };
		6DB513421C2AB2550012021D /* SUIMVVMSecondVM.h */ = {isa = PBXFileReference; fileEncoding = 4; lastKnownFileType = sourcecode.c.h; path = SUIMVVMSecondVM.h; sourceTree = "<group>"; };
		6DB513431C2AB2550012021D /* SUIMVVMSecondVM.m */ = {isa = PBXFileReference; fileEncoding = 4; lastKnownFileType = sourcecode.c.objc; path = SUIMVVMSecondVM.m; sourceTree = "<group>"; };
		6DB513451C2AB2710012021D /* SUIMVVMSecondVC.h */ = {isa = PBXFileReference; fileEncoding = 4; lastKnownFileType = sourcecode.c.h; path = SUIMVVMSecondVC.h; sourceTree = "<group>"; };
		6DB513461C2AB2710012021D /* SUIMVVMSecondVC.m */ = {isa = PBXFileReference; fileEncoding = 4; lastKnownFileType = sourcecode.c.objc; path = SUIMVVMSecondVC.m; sourceTree = "<group>"; };
		6DB513481C2AB8350012021D /* SUIMVVMRootCell.h */ = {isa = PBXFileReference; fileEncoding = 4; lastKnownFileType = sourcecode.c.h; path = SUIMVVMRootCell.h; sourceTree = "<group>"; };
		6DB513491C2AB8350012021D /* SUIMVVMRootCell.m */ = {isa = PBXFileReference; fileEncoding = 4; lastKnownFileType = sourcecode.c.objc; path = SUIMVVMRootCell.m; sourceTree = "<group>"; };
		D3496D95BBB25B52F3635459 /* Pods.debug.xcconfig */ = {isa = PBXFileReference; includeInIndex = 1; lastKnownFileType = text.xcconfig; name = Pods.debug.xcconfig; path = "Pods/Target Support Files/Pods/Pods.debug.xcconfig"; sourceTree = "<group>"; };
/* End PBXFileReference section */

/* Begin PBXFrameworksBuildPhase section */
		6DA091C91B3A46AC00DA06A3 /* Frameworks */ = {
			isa = PBXFrameworksBuildPhase;
			buildActionMask = 2147483647;
			files = (
				6DB349201BA81BF7003A72DF /* QuartzCore.framework in Frameworks */,
				6DB3491E1BA81BF2003A72DF /* Foundation.framework in Frameworks */,
				6DB3491C1BA81BEB003A72DF /* UIKit.framework in Frameworks */,
				28E76DCB52269C8376DB87FD /* libPods.a in Frameworks */,
			);
			runOnlyForDeploymentPostprocessing = 0;
		};
/* End PBXFrameworksBuildPhase section */

/* Begin PBXGroup section */
		6D43F8431C29098E00BA648B /* DBHelper */ = {
			isa = PBXGroup;
			children = (
				6D43F8441C290A1300BA648B /* SUIDBHelper.h */,
				6D43F8451C290A1300BA648B /* SUIDBHelper.m */,
				6D43F85E1C29162900BA648B /* SUIDBEntity.h */,
				6D43F85F1C29162900BA648B /* SUIDBEntity.m */,
			);
			path = DBHelper;
			sourceTree = "<group>";
		};
		6D6A96031C3B865E003D2015 /* SUIToolbarDemo */ = {
			isa = PBXGroup;
			children = (
				6D6A96041C3B865E003D2015 /* SUIToolbar.storyboard */,
				6D6A96051C3B865E003D2015 /* SUIToolbarVC.h */,
				6D6A96061C3B865E003D2015 /* SUIToolbarVC.m */,
			);
			path = SUIToolbarDemo;
			sourceTree = "<group>";
		};
		6D6A96091C3B86CF003D2015 /* UIViewControllerDemo */ = {
			isa = PBXGroup;
			children = (
				6D6A960A1C3B86CF003D2015 /* SUIViewController.storyboard */,
				6D6A960B1C3B86CF003D2015 /* SUIViewControllerRootVC.h */,
				6D6A960C1C3B86CF003D2015 /* SUIViewControllerRootVC.m */,
				6D6A960D1C3B86CF003D2015 /* SUIViewControllerSecondVC.h */,
				6D6A960E1C3B86CF003D2015 /* SUIViewControllerSecondVC.m */,
			);
			path = UIViewControllerDemo;
			sourceTree = "<group>";
		};
		6D6A96181C3B91F2003D2015 /* Toolbar */ = {
			isa = PBXGroup;
			children = (
				6D6A96191C3B91F2003D2015 /* SUIToolbar.h */,
				6D6A961A1C3B91F2003D2015 /* SUIToolbar.m */,
			);
			path = Toolbar;
			sourceTree = "<group>";
		};
		6D7559371C239D4800085A53 /* SUIToolKit */ = {
			isa = PBXGroup;
			children = (
				6D6A96181C3B91F2003D2015 /* Toolbar */,
				6D43F8431C29098E00BA648B /* DBHelper */,
				6D7559711C2408E700085A53 /* MVVM */,
				6D75593C1C239D4800085A53 /* SUIToolKit.h */,
			);
			name = SUIToolKit;
			path = ../SUIToolKit;
			sourceTree = "<group>";
		};
		6D7559711C2408E700085A53 /* MVVM */ = {
			isa = PBXGroup;
			children = (
				6D7559721C2408E700085A53 /* SUIViewModel.h */,
				6D7559731C2408E700085A53 /* SUIViewModel.m */,
				6D7559761C2408E700085A53 /* UIViewController+SUIMVVM.h */,
				6D7559771C2408E700085A53 /* UIViewController+SUIMVVM.m */,
				6D6A96151C3B8C90003D2015 /* UITableView+SUIMVVM.h */,
				6D6A96161C3B8C90003D2015 /* UITableView+SUIMVVM.m */,
				6D6A96121C3B8BF4003D2015 /* UITableViewCell+SUIMVVM.h */,
				6D6A96131C3B8BF4003D2015 /* UITableViewCell+SUIMVVM.m */,
			);
			path = MVVM;
			sourceTree = "<group>";
		};
		6DA091C31B3A46AC00DA06A3 = {
			isa = PBXGroup;
			children = (
				6D7559371C239D4800085A53 /* SUIToolKit */,
				6DA091CE1B3A46AC00DA06A3 /* SUIToolKitDemo */,
				6DA091E81B3A46AD00DA06A3 /* SUIToolKitDemoTests */,
				6DA091CD1B3A46AC00DA06A3 /* Products */,
				D7F86692F84B7C6BE1065471 /* Pods */,
				742B1A476092A04C3208EF19 /* Frameworks */,
			);
			sourceTree = "<group>";
		};
		6DA091CD1B3A46AC00DA06A3 /* Products */ = {
			isa = PBXGroup;
			children = (
				6DA091CC1B3A46AC00DA06A3 /* SUIToolKitDemo.app */,
			);
			name = Products;
			sourceTree = "<group>";
		};
		6DA091CE1B3A46AC00DA06A3 /* SUIToolKitDemo */ = {
			isa = PBXGroup;
			children = (
				6D6A96091C3B86CF003D2015 /* UIViewControllerDemo */,
				6DB513371C2AB0560012021D /* SUIMVVMDemo */,
				6DB513221C2AA7320012021D /* SUIDBHelperDemo */,
				6D6A96031C3B865E003D2015 /* SUIToolbarDemo */,
				6DA091D91B3A46AC00DA06A3 /* Main.storyboard */,
				6DA091DC1B3A46AC00DA06A3 /* Images.xcassets */,
				6DA091F51B3A48A500DA06A3 /* Others */,
				6DA091CF1B3A46AC00DA06A3 /* Supporting Files */,
			);
			path = SUIToolKitDemo;
			sourceTree = "<group>";
		};
		6DA091CF1B3A46AC00DA06A3 /* Supporting Files */ = {
			isa = PBXGroup;
			children = (
				6DA091D01B3A46AC00DA06A3 /* Info.plist */,
				6DA091D11B3A46AC00DA06A3 /* main.m */,
			);
			name = "Supporting Files";
			sourceTree = "<group>";
		};
		6DA091E81B3A46AD00DA06A3 /* SUIToolKitDemoTests */ = {
			isa = PBXGroup;
			children = (
				6DA091EB1B3A46AD00DA06A3 /* SUIToolKitDemoTests.m */,
				6DA091E91B3A46AD00DA06A3 /* Supporting Files */,
			);
			path = SUIToolKitDemoTests;
			sourceTree = "<group>";
		};
		6DA091E91B3A46AD00DA06A3 /* Supporting Files */ = {
			isa = PBXGroup;
			children = (
				6DA091EA1B3A46AD00DA06A3 /* Info.plist */,
			);
			name = "Supporting Files";
			sourceTree = "<group>";
		};
		6DA091F51B3A48A500DA06A3 /* Others */ = {
			isa = PBXGroup;
			children = (
				6DA091F61B3A48C800DA06A3 /* AppDelegate.h */,
				6DA091F71B3A48C800DA06A3 /* AppDelegate.m */,
				6DA091F91B3A48F100DA06A3 /* PrefixHeader.pch */,
			);
			path = Others;
			sourceTree = "<group>";
		};
		6DB513221C2AA7320012021D /* SUIDBHelperDemo */ = {
			isa = PBXGroup;
			children = (
				6DB513231C2AA7400012021D /* SUIDBHelperDemo.storyboard */,
				6DB513251C2AA7C20012021D /* Model */,
				6DB513291C2AA8010012021D /* DBHelperRoot */,
			);
			path = SUIDBHelperDemo;
			sourceTree = "<group>";
		};
		6DB513251C2AA7C20012021D /* Model */ = {
			isa = PBXGroup;
			children = (
				6DB513261C2AA7C20012021D /* SUIAlbumMD.h */,
				6DB513271C2AA7C20012021D /* SUIAlbumMD.m */,
			);
			path = Model;
			sourceTree = "<group>";
		};
		6DB513291C2AA8010012021D /* DBHelperRoot */ = {
			isa = PBXGroup;
			children = (
				6DB5132E1C2AAA170012021D /* XXXDBHelperRootViewController.h */,
				6DB5132F1C2AAA170012021D /* XXXDBHelperRootViewController.m */,
				6DB513311C2AAAB60012021D /* AAADBHelperRootViewModel.h */,
				6DB513321C2AAAB60012021D /* AAADBHelperRootViewModel.m */,
			);
			path = DBHelperRoot;
			sourceTree = "<group>";
		};
		6DB513371C2AB0560012021D /* SUIMVVMDemo */ = {
			isa = PBXGroup;
			children = (
				6DB5133A1C2AB0BE0012021D /* SUIMVVMDemo.storyboard */,
				6DB513381C2AB08E0012021D /* MVVMRoot */,
				6DB513391C2AB08E0012021D /* MVVMSecond */,
			);
			path = SUIMVVMDemo;
			sourceTree = "<group>";
		};
		6DB513381C2AB08E0012021D /* MVVMRoot */ = {
			isa = PBXGroup;
			children = (
				6DB5133C1C2AB11B0012021D /* SUIMVVMRootVC.h */,
				6DB5133D1C2AB11B0012021D /* SUIMVVMRootVC.m */,
				6DB5133F1C2AB13B0012021D /* SUIMVVMRootVM.h */,
				6DB513401C2AB13B0012021D /* SUIMVVMRootVM.m */,
				6DB513481C2AB8350012021D /* SUIMVVMRootCell.h */,
				6DB513491C2AB8350012021D /* SUIMVVMRootCell.m */,
			);
			path = MVVMRoot;
			sourceTree = "<group>";
		};
		6DB513391C2AB08E0012021D /* MVVMSecond */ = {
			isa = PBXGroup;
			children = (
				6DB513451C2AB2710012021D /* SUIMVVMSecondVC.h */,
				6DB513461C2AB2710012021D /* SUIMVVMSecondVC.m */,
				6DB513421C2AB2550012021D /* SUIMVVMSecondVM.h */,
				6DB513431C2AB2550012021D /* SUIMVVMSecondVM.m */,
			);
			path = MVVMSecond;
			sourceTree = "<group>";
		};
		742B1A476092A04C3208EF19 /* Frameworks */ = {
			isa = PBXGroup;
			children = (
				6DB3491F1BA81BF7003A72DF /* QuartzCore.framework */,
				6DB3491D1BA81BF2003A72DF /* Foundation.framework */,
				6DB3491B1BA81BEB003A72DF /* UIKit.framework */,
				3FA561482F072FF6D556247C /* libPods.a */,
			);
			name = Frameworks;
			sourceTree = "<group>";
		};
		D7F86692F84B7C6BE1065471 /* Pods */ = {
			isa = PBXGroup;
			children = (
				D3496D95BBB25B52F3635459 /* Pods.debug.xcconfig */,
				0020EA114C7BFEDDB6D76CAF /* Pods.release.xcconfig */,
			);
			name = Pods;
			sourceTree = "<group>";
		};
/* End PBXGroup section */

/* Begin PBXNativeTarget section */
		6DA091CB1B3A46AC00DA06A3 /* SUIToolKitDemo */ = {
			isa = PBXNativeTarget;
			buildConfigurationList = 6DA091EF1B3A46AD00DA06A3 /* Build configuration list for PBXNativeTarget "SUIToolKitDemo" */;
			buildPhases = (
				8EF5DBB6912E554047957CC1 /* Check Pods Manifest.lock */,
				6DA091C81B3A46AC00DA06A3 /* Sources */,
				6DA091C91B3A46AC00DA06A3 /* Frameworks */,
				6DA091CA1B3A46AC00DA06A3 /* Resources */,
				327FCE3CBC7EC8116C15EEE2 /* Copy Pods Resources */,
				6D7A6BF91BC6376D00386524 /* Run Script */,
				AB8A60965A851DB899A34E69 /* Embed Pods Frameworks */,
			);
			buildRules = (
			);
			dependencies = (
			);
			name = SUIToolKitDemo;
			productName = SUIToolKitDemo;
			productReference = 6DA091CC1B3A46AC00DA06A3 /* SUIToolKitDemo.app */;
			productType = "com.apple.product-type.application";
		};
/* End PBXNativeTarget section */

/* Begin PBXProject section */
		6DA091C41B3A46AC00DA06A3 /* Project object */ = {
			isa = PBXProject;
			attributes = {
				LastUpgradeCheck = 0700;
				ORGANIZATIONNAME = "SUIO~";
				TargetAttributes = {
					6DA091CB1B3A46AC00DA06A3 = {
						CreatedOnToolsVersion = 6.3;
					};
				};
			};
			buildConfigurationList = 6DA091C71B3A46AC00DA06A3 /* Build configuration list for PBXProject "SUIToolKitDemo" */;
			compatibilityVersion = "Xcode 3.2";
			developmentRegion = English;
			hasScannedForEncodings = 0;
			knownRegions = (
				en,
				Base,
			);
			mainGroup = 6DA091C31B3A46AC00DA06A3;
			productRefGroup = 6DA091CD1B3A46AC00DA06A3 /* Products */;
			projectDirPath = "";
			projectRoot = "";
			targets = (
				6DA091CB1B3A46AC00DA06A3 /* SUIToolKitDemo */,
			);
		};
/* End PBXProject section */

/* Begin PBXResourcesBuildPhase section */
		6DA091CA1B3A46AC00DA06A3 /* Resources */ = {
			isa = PBXResourcesBuildPhase;
			buildActionMask = 2147483647;
			files = (
				6DA091DB1B3A46AC00DA06A3 /* Main.storyboard in Resources */,
				6DB5133B1C2AB0BE0012021D /* SUIMVVMDemo.storyboard in Resources */,
				6DA091DD1B3A46AC00DA06A3 /* Images.xcassets in Resources */,
				6DB513241C2AA7400012021D /* SUIDBHelperDemo.storyboard in Resources */,
				6D6A96071C3B865E003D2015 /* SUIToolbar.storyboard in Resources */,
				6D6A960F1C3B86CF003D2015 /* SUIViewController.storyboard in Resources */,
			);
			runOnlyForDeploymentPostprocessing = 0;
		};
/* End PBXResourcesBuildPhase section */

/* Begin PBXShellScriptBuildPhase section */
		327FCE3CBC7EC8116C15EEE2 /* Copy Pods Resources */ = {
			isa = PBXShellScriptBuildPhase;
			buildActionMask = 2147483647;
			files = (
			);
			inputPaths = (
			);
			name = "Copy Pods Resources";
			outputPaths = (
			);
			runOnlyForDeploymentPostprocessing = 0;
			shellPath = /bin/sh;
			shellScript = "\"${SRCROOT}/Pods/Target Support Files/Pods/Pods-resources.sh\"\n";
			showEnvVarsInLog = 0;
		};
		6D7A6BF91BC6376D00386524 /* Run Script */ = {
			isa = PBXShellScriptBuildPhase;
			buildActionMask = 2147483647;
			files = (
			);
			inputPaths = (
			);
			name = "Run Script";
			outputPaths = (
			);
			runOnlyForDeploymentPostprocessing = 0;
			shellPath = /bin/sh;
			shellScript = "#!/bin/bash\nbuildNumber=$(/usr/libexec/PlistBuddy -c \"Print CFBundleVersion\" \"${PROJECT_DIR}/${INFOPLIST_FILE}\")\necho $buildNumber\neverSuffixBuildNumber=${buildNumber##*.}\ncurrSuffixBuildNumber=$(($everSuffixBuildNumber + 1))\nbuildNumber=${buildNumber/%$everSuffixBuildNumber/$currSuffixBuildNumber}\n/usr/libexec/PlistBuddy -c \"Set :CFBundleVersion $buildNumber\" \"$INFOPLIST_FILE\"\n\nIFS=$'\\n'\n\nversionNumber=$(/usr/libexec/PlistBuddy -c \"Print CFBundleShortVersionString\" \"${PROJECT_DIR}/${INFOPLIST_FILE}\")\nPATH=${PATH}:/usr/local/bin\n\nfunction generateIcon () {\n    BASE_IMAGE_NAME=$1\n    \n    TARGET_PATH=\"${BUILT_PRODUCTS_DIR}/${UNLOCALIZED_RESOURCES_FOLDER_PATH}/${BASE_IMAGE_NAME}\"\n    echo $TARGET_PATH\n    echo $SRCROOT\n    echo $(find ${SRCROOT} -name \"AppIcon60x60@2x.png\")\n    BASE_IMAGE_PATH=$(find ${SRCROOT} -name ${BASE_IMAGE_NAME})\n    WIDTH=$(identify -format %w ${BASE_IMAGE_PATH})\n    FONT_SIZE=$(echo \"$WIDTH * .2\" | bc -l)\n    echo \"font size $FONT_SIZE\"\n    \n    if [ \"${CONFIGURATION}\" == \"Debug\" ]; then\n    convert debugRibbon.png -resize ${WIDTH}x${WIDTH} resizedRibbon.png\n    convert ${BASE_IMAGE_PATH} -channel RGBA -undercolor \"#00BFFF99\" -fill white -font Bookman-Demi -pointsize ${FONT_SIZE} -gravity south -annotate 0 \"$buildNumber\" - | composite resizedRibbon.png - ${TARGET_PATH}\n    fi\n    \n    if [ \"${CONFIGURATION}\" == \"Beta\" ]; then\n    convert betaRibbon.png -resize ${WIDTH}x${WIDTH} resizedRibbon.png\n    convert ${BASE_IMAGE_PATH} -channel RGBA -undercolor \"#00BFFF99\" -fill white -font Bookman-Demi -pointsize ${FONT_SIZE} -gravity south -annotate 0 \"$buildNumber\" - | composite resizedRibbon.png - ${TARGET_PATH}\n    fi\n}\n\ngenerateIcon \"AppIcon29x29@2x.png\"\ngenerateIcon \"AppIcon29x29@3x.png\"\ngenerateIcon \"AppIcon40x40@2x.png\"\ngenerateIcon \"AppIcon40x40@3x.png\"\ngenerateIcon \"AppIcon60x60@2x.png\"\ngenerateIcon \"AppIcon60x60@3x.png\"\n\n#http://www.cocoachina.com/ios/20150909/13354.html";
		};
		8EF5DBB6912E554047957CC1 /* Check Pods Manifest.lock */ = {
			isa = PBXShellScriptBuildPhase;
			buildActionMask = 2147483647;
			files = (
			);
			inputPaths = (
			);
			name = "Check Pods Manifest.lock";
			outputPaths = (
			);
			runOnlyForDeploymentPostprocessing = 0;
			shellPath = /bin/sh;
			shellScript = "diff \"${PODS_ROOT}/../Podfile.lock\" \"${PODS_ROOT}/Manifest.lock\" > /dev/null\nif [[ $? != 0 ]] ; then\n    cat << EOM\nerror: The sandbox is not in sync with the Podfile.lock. Run 'pod install' or update your CocoaPods installation.\nEOM\n    exit 1\nfi\n";
			showEnvVarsInLog = 0;
		};
		AB8A60965A851DB899A34E69 /* Embed Pods Frameworks */ = {
			isa = PBXShellScriptBuildPhase;
			buildActionMask = 2147483647;
			files = (
			);
			inputPaths = (
			);
			name = "Embed Pods Frameworks";
			outputPaths = (
			);
			runOnlyForDeploymentPostprocessing = 0;
			shellPath = /bin/sh;
			shellScript = "\"${SRCROOT}/Pods/Target Support Files/Pods/Pods-frameworks.sh\"\n";
			showEnvVarsInLog = 0;
		};
/* End PBXShellScriptBuildPhase section */

/* Begin PBXSourcesBuildPhase section */
		6DA091C81B3A46AC00DA06A3 /* Sources */ = {
			isa = PBXSourcesBuildPhase;
			buildActionMask = 2147483647;
			files = (
				6DB513331C2AAAB60012021D /* AAADBHelperRootViewModel.m in Sources */,
				6DB5133E1C2AB11B0012021D /* SUIMVVMRootVC.m in Sources */,
				6DA091D21B3A46AC00DA06A3 /* main.m in Sources */,
				6D7559781C2408E700085A53 /* SUIViewModel.m in Sources */,
				6D6A96101C3B86CF003D2015 /* SUIViewControllerRootVC.m in Sources */,
				6DA091F81B3A48C800DA06A3 /* AppDelegate.m in Sources */,
				6DB513301C2AAA170012021D /* XXXDBHelperRootViewController.m in Sources */,
				6D6A96171C3B8C90003D2015 /* UITableView+SUIMVVM.m in Sources */,
				6DB513411C2AB13B0012021D /* SUIMVVMRootVM.m in Sources */,
				6DB5134A1C2AB8350012021D /* SUIMVVMRootCell.m in Sources */,
				6D6A96141C3B8BF4003D2015 /* UITableViewCell+SUIMVVM.m in Sources */,
				6D6A961B1C3B91F2003D2015 /* SUIToolbar.m in Sources */,
				6DB513281C2AA7C20012021D /* SUIAlbumMD.m in Sources */,
				6D43F8601C29162900BA648B /* SUIDBEntity.m in Sources */,
				6D6A96111C3B86CF003D2015 /* SUIViewControllerSecondVC.m in Sources */,
				6DB513471C2AB2710012021D /* SUIMVVMSecondVC.m in Sources */,
				6DB513441C2AB2550012021D /* SUIMVVMSecondVM.m in Sources */,
				6D75597A1C2408E700085A53 /* UIViewController+SUIMVVM.m in Sources */,
				6D43F8461C290A1300BA648B /* SUIDBHelper.m in Sources */,
				6D6A96081C3B865E003D2015 /* SUIToolbarVC.m in Sources */,
			);
			runOnlyForDeploymentPostprocessing = 0;
		};
/* End PBXSourcesBuildPhase section */

/* Begin PBXVariantGroup section */
		6DA091D91B3A46AC00DA06A3 /* Main.storyboard */ = {
			isa = PBXVariantGroup;
			children = (
				6DA091DA1B3A46AC00DA06A3 /* Base */,
			);
			name = Main.storyboard;
			sourceTree = "<group>";
		};
/* End PBXVariantGroup section */

/* Begin XCBuildConfiguration section */
		6DA091ED1B3A46AD00DA06A3 /* Debug */ = {
			isa = XCBuildConfiguration;
			buildSettings = {
				ALWAYS_SEARCH_USER_PATHS = NO;
				CLANG_CXX_LANGUAGE_STANDARD = "gnu++0x";
				CLANG_CXX_LIBRARY = "libc++";
				CLANG_ENABLE_MODULES = YES;
				CLANG_ENABLE_OBJC_ARC = YES;
				CLANG_WARN_BOOL_CONVERSION = YES;
				CLANG_WARN_CONSTANT_CONVERSION = YES;
				CLANG_WARN_DIRECT_OBJC_ISA_USAGE = YES_ERROR;
				CLANG_WARN_EMPTY_BODY = YES;
				CLANG_WARN_ENUM_CONVERSION = YES;
				CLANG_WARN_INT_CONVERSION = YES;
				CLANG_WARN_OBJC_ROOT_CLASS = YES_ERROR;
				CLANG_WARN_UNREACHABLE_CODE = YES;
				CLANG_WARN__DUPLICATE_METHOD_MATCH = YES;
				"CODE_SIGN_IDENTITY[sdk=iphoneos*]" = "iPhone Developer";
				COPY_PHASE_STRIP = NO;
				DEBUG_INFORMATION_FORMAT = "dwarf-with-dsym";
				ENABLE_STRICT_OBJC_MSGSEND = YES;
				ENABLE_TESTABILITY = YES;
				GCC_C_LANGUAGE_STANDARD = gnu99;
				GCC_DYNAMIC_NO_PIC = NO;
				GCC_NO_COMMON_BLOCKS = YES;
				GCC_OPTIMIZATION_LEVEL = 0;
				GCC_PREPROCESSOR_DEFINITIONS = (
					"DEBUG=1",
					"$(inherited)",
				);
				GCC_SYMBOLS_PRIVATE_EXTERN = NO;
				GCC_WARN_64_TO_32_BIT_CONVERSION = YES;
				GCC_WARN_ABOUT_RETURN_TYPE = YES_ERROR;
				GCC_WARN_UNDECLARED_SELECTOR = YES;
				GCC_WARN_UNINITIALIZED_AUTOS = YES_AGGRESSIVE;
				GCC_WARN_UNUSED_FUNCTION = YES;
				GCC_WARN_UNUSED_VARIABLE = YES;
				IPHONEOS_DEPLOYMENT_TARGET = 7.0;
				MTL_ENABLE_DEBUG_INFO = YES;
				ONLY_ACTIVE_ARCH = YES;
				SDKROOT = iphoneos;
			};
			name = Debug;
		};
		6DA091EE1B3A46AD00DA06A3 /* Release */ = {
			isa = XCBuildConfiguration;
			buildSettings = {
				ALWAYS_SEARCH_USER_PATHS = NO;
				CLANG_CXX_LANGUAGE_STANDARD = "gnu++0x";
				CLANG_CXX_LIBRARY = "libc++";
				CLANG_ENABLE_MODULES = YES;
				CLANG_ENABLE_OBJC_ARC = YES;
				CLANG_WARN_BOOL_CONVERSION = YES;
				CLANG_WARN_CONSTANT_CONVERSION = YES;
				CLANG_WARN_DIRECT_OBJC_ISA_USAGE = YES_ERROR;
				CLANG_WARN_EMPTY_BODY = YES;
				CLANG_WARN_ENUM_CONVERSION = YES;
				CLANG_WARN_INT_CONVERSION = YES;
				CLANG_WARN_OBJC_ROOT_CLASS = YES_ERROR;
				CLANG_WARN_UNREACHABLE_CODE = YES;
				CLANG_WARN__DUPLICATE_METHOD_MATCH = YES;
				"CODE_SIGN_IDENTITY[sdk=iphoneos*]" = "iPhone Developer";
				COPY_PHASE_STRIP = NO;
				DEBUG_INFORMATION_FORMAT = "dwarf-with-dsym";
				ENABLE_NS_ASSERTIONS = NO;
				ENABLE_STRICT_OBJC_MSGSEND = YES;
				GCC_C_LANGUAGE_STANDARD = gnu99;
				GCC_NO_COMMON_BLOCKS = YES;
				GCC_WARN_64_TO_32_BIT_CONVERSION = YES;
				GCC_WARN_ABOUT_RETURN_TYPE = YES_ERROR;
				GCC_WARN_UNDECLARED_SELECTOR = YES;
				GCC_WARN_UNINITIALIZED_AUTOS = YES_AGGRESSIVE;
				GCC_WARN_UNUSED_FUNCTION = YES;
				GCC_WARN_UNUSED_VARIABLE = YES;
				IPHONEOS_DEPLOYMENT_TARGET = 7.0;
				MTL_ENABLE_DEBUG_INFO = NO;
				SDKROOT = iphoneos;
				VALIDATE_PRODUCT = YES;
			};
			name = Release;
		};
		6DA091F01B3A46AD00DA06A3 /* Debug */ = {
			isa = XCBuildConfiguration;
			baseConfigurationReference = D3496D95BBB25B52F3635459 /* Pods.debug.xcconfig */;
			buildSettings = {
				ASSETCATALOG_COMPILER_APPICON_NAME = AppIcon;
				ASSETCATALOG_COMPILER_LAUNCHIMAGE_NAME = LaunchImage;
				ENABLE_BITCODE = NO;
				FRAMEWORK_SEARCH_PATHS = "";
				GCC_PREFIX_HEADER = "$(PROJECT_DIR)/$(PROJECT_NAME)/Others/PrefixHeader.pch";
				HEADER_SEARCH_PATHS = "$(inherited)";
				INFOPLIST_FILE = SUIToolKitDemo/Info.plist;
				IPHONEOS_DEPLOYMENT_TARGET = 7.0;
				LD_RUNPATH_SEARCH_PATHS = "$(inherited) @executable_path/Frameworks @loader_path/Frameworks";
				LIBRARY_SEARCH_PATHS = "";
				PRODUCT_BUNDLE_IDENTIFIER = "oo.$(PRODUCT_NAME:rfc1034identifier)";
				PRODUCT_NAME = "$(TARGET_NAME)";
			};
			name = Debug;
		};
		6DA091F11B3A46AD00DA06A3 /* Release */ = {
			isa = XCBuildConfiguration;
			baseConfigurationReference = 0020EA114C7BFEDDB6D76CAF /* Pods.release.xcconfig */;
			buildSettings = {
				ASSETCATALOG_COMPILER_APPICON_NAME = AppIcon;
				ASSETCATALOG_COMPILER_LAUNCHIMAGE_NAME = LaunchImage;
				ENABLE_BITCODE = NO;
				FRAMEWORK_SEARCH_PATHS = "";
				GCC_PREFIX_HEADER = "$(PROJECT_DIR)/$(PROJECT_NAME)/Others/PrefixHeader.pch";
				HEADER_SEARCH_PATHS = "$(inherited)";
				INFOPLIST_FILE = SUIToolKitDemo/Info.plist;
				IPHONEOS_DEPLOYMENT_TARGET = 7.0;
				LD_RUNPATH_SEARCH_PATHS = "$(inherited) @executable_path/Frameworks @loader_path/Frameworks";
				LIBRARY_SEARCH_PATHS = "";
				PRODUCT_BUNDLE_IDENTIFIER = "oo.$(PRODUCT_NAME:rfc1034identifier)";
				PRODUCT_NAME = "$(TARGET_NAME)";
			};
			name = Release;
		};
/* End XCBuildConfiguration section */

/* Begin XCConfigurationList section */
		6DA091C71B3A46AC00DA06A3 /* Build configuration list for PBXProject "SUIToolKitDemo" */ = {
			isa = XCConfigurationList;
			buildConfigurations = (
				6DA091ED1B3A46AD00DA06A3 /* Debug */,
				6DA091EE1B3A46AD00DA06A3 /* Release */,
			);
			defaultConfigurationIsVisible = 0;
			defaultConfigurationName = Release;
		};
		6DA091EF1B3A46AD00DA06A3 /* Build configuration list for PBXNativeTarget "SUIToolKitDemo" */ = {
			isa = XCConfigurationList;
			buildConfigurations = (
				6DA091F01B3A46AD00DA06A3 /* Debug */,
				6DA091F11B3A46AD00DA06A3 /* Release */,
			);
			defaultConfigurationIsVisible = 0;
			defaultConfigurationName = Release;
		};
/* End XCConfigurationList section */
	};
	rootObject = 6DA091C41B3A46AC00DA06A3 /* Project object */;
}
